
Microsoft Visual Studio Solution File, Format Version 12.00
# Visual Studio Version 16
VisualStudioVersion = 16.0.30225.117
MinimumVisualStudioVersion = 10.0.40219.1
Project("{2150E333-8FDC-42A3-9474-1A3956D46DE8}") = "bridge", "bridge", "{39B08B60-AE5B-4631-968E-74C78128092A}"
EndProject
Project("{2150E333-8FDC-42A3-9474-1A3956D46DE8}") = "contracts", "contracts", "{34C80090-E20E-4B20-A224-BBC3F6BC1CA7}"
EndProject
Project("{2150E333-8FDC-42A3-9474-1A3956D46DE8}") = "clients", "clients", "{EB8E4986-4C35-4337-AFCC-FA3D8A618CB7}"
EndProject
Project("{2150E333-8FDC-42A3-9474-1A3956D46DE8}") = "plugins", "plugins", "{6506C4CF-3851-4BF8-89BB-BC8354ADF1E2}"
EndProject
Project("{8BC9CEB8-8B4A-11D0-8D11-00A0C91BC942}") = "ocdm", "clients\src\ocdm\ocdm.vcxproj", "{34090477-688B-45F5-9998-11A71A6B043F}"
	ProjectSection(ProjectDependencies) = postProject
		{0936A7B8-E995-452D-8062-CA9311854018} = {0936A7B8-E995-452D-8062-CA9311854018}
		{B63FDAE4-53A4-4B19-BFEC-6E6A2EF841F5} = {B63FDAE4-53A4-4B19-BFEC-6E6A2EF841F5}
		{A7B258FF-15DD-4769-966C-703530E26530} = {A7B258FF-15DD-4769-966C-703530E26530}
	EndProjectSection
EndProject
Project("{8BC9CEB8-8B4A-11D0-8D11-00A0C91BC942}") = "securityagent", "clients\src\securityagent\securityagent.vcxproj", "{A8D818F5-7324-4620-B1AF-B388AB538502}"
	ProjectSection(ProjectDependencies) = postProject
		{0936A7B8-E995-452D-8062-CA9311854018} = {0936A7B8-E995-452D-8062-CA9311854018}
		{B63FDAE4-53A4-4B19-BFEC-6E6A2EF841F5} = {B63FDAE4-53A4-4B19-BFEC-6E6A2EF841F5}
		{A7B258FF-15DD-4769-966C-703530E26530} = {A7B258FF-15DD-4769-966C-703530E26530}
	EndProjectSection
EndProject
Project("{8BC9CEB8-8B4A-11D0-8D11-00A0C91BC942}") = "virtualinput", "clients\src\virtualinput\virtualinput.vcxproj", "{DEBD9452-DA29-4C28-8800-32E1484EA16F}"
	ProjectSection(ProjectDependencies) = postProject
		{0936A7B8-E995-452D-8062-CA9311854018} = {0936A7B8-E995-452D-8062-CA9311854018}
		{B63FDAE4-53A4-4B19-BFEC-6E6A2EF841F5} = {B63FDAE4-53A4-4B19-BFEC-6E6A2EF841F5}
		{A7B258FF-15DD-4769-966C-703530E26530} = {A7B258FF-15DD-4769-966C-703530E26530}
	EndProjectSection
EndProject
Project("{8BC9CEB8-8B4A-11D0-8D11-00A0C91BC942}") = "displayinfo", "clients\src\displayinfo\displayinfo.vcxproj", "{A8D818F5-FAAD-4620-B1AF-1234AB538502}"
	ProjectSection(ProjectDependencies) = postProject
		{0936A7B8-E995-452D-8062-CA9311854018} = {0936A7B8-E995-452D-8062-CA9311854018}
		{B63FDAE4-53A4-4B19-BFEC-6E6A2EF841F5} = {B63FDAE4-53A4-4B19-BFEC-6E6A2EF841F5}
		{A7B258FF-15DD-4769-966C-703530E26530} = {A7B258FF-15DD-4769-966C-703530E26530}
	EndProjectSection
EndProject
Project("{8BC9CEB8-8B4A-11D0-8D11-00A0C91BC942}") = "bridge", "framework\src\bridge\bridge.vcxproj", "{F3DF5408-637E-49DB-BF6B-0B7D17509AC0}"
	ProjectSection(ProjectDependencies) = postProject
		{6A3B427D-D8AF-4D2A-B400-924D2596DCF7} = {6A3B427D-D8AF-4D2A-B400-924D2596DCF7}
		{0936A7B8-E995-452D-8062-CA9311854018} = {0936A7B8-E995-452D-8062-CA9311854018}
		{6838AFCB-D65D-443A-A435-2F1940790836} = {6838AFCB-D65D-443A-A435-2F1940790836}
		{B63FDAE4-53A4-4B19-BFEC-6E6A2EF841F5} = {B63FDAE4-53A4-4B19-BFEC-6E6A2EF841F5}
		{0CA4C3EA-2DD4-4BB3-804C-331D09CC3402} = {0CA4C3EA-2DD4-4BB3-804C-331D09CC3402}
		{A7B258FF-15DD-4769-966C-703530E26530} = {A7B258FF-15DD-4769-966C-703530E26530}
	EndProjectSection
EndProject
Project("{8BC9CEB8-8B4A-11D0-8D11-00A0C91BC942}") = "com", "framework\src\com\com.vcxproj", "{B63FDAE4-53A4-4B19-BFEC-6E6A2EF841F5}"
	ProjectSection(ProjectDependencies) = postProject
		{0936A7B8-E995-452D-8062-CA9311854018} = {0936A7B8-E995-452D-8062-CA9311854018}
		{6838AFCB-D65D-443A-A435-2F1940790836} = {6838AFCB-D65D-443A-A435-2F1940790836}
	EndProjectSection
EndProject
Project("{8BC9CEB8-8B4A-11D0-8D11-00A0C91BC942}") = "comprocess", "framework\src\comprocess\comprocess.vcxproj", "{B88DE14D-3E0D-440E-A753-CE7ADD5DF3CA}"
	ProjectSection(ProjectDependencies) = postProject
		{6A3B427D-D8AF-4D2A-B400-924D2596DCF7} = {6A3B427D-D8AF-4D2A-B400-924D2596DCF7}
		{0936A7B8-E995-452D-8062-CA9311854018} = {0936A7B8-E995-452D-8062-CA9311854018}
		{6838AFCB-D65D-443A-A435-2F1940790836} = {6838AFCB-D65D-443A-A435-2F1940790836}
		{B63FDAE4-53A4-4B19-BFEC-6E6A2EF841F5} = {B63FDAE4-53A4-4B19-BFEC-6E6A2EF841F5}
		{0CA4C3EA-2DD4-4BB3-804C-331D09CC3402} = {0CA4C3EA-2DD4-4BB3-804C-331D09CC3402}
	EndProjectSection
EndProject
Project("{8BC9CEB8-8B4A-11D0-8D11-00A0C91BC942}") = "cryptalgo", "framework\src\cryptalgo\cryptalgo.vcxproj", "{A7B258FF-15DD-4769-966C-703530E26530}"
	ProjectSection(ProjectDependencies) = postProject
		{0936A7B8-E995-452D-8062-CA9311854018} = {0936A7B8-E995-452D-8062-CA9311854018}
	EndProjectSection
EndProject
Project("{8BC9CEB8-8B4A-11D0-8D11-00A0C91BC942}") = "devices", "framework\src\devices\devices.vcxproj", "{B12FDAE4-53A4-4B19-BFEC-6E6A2CF841F5}"
	ProjectSection(ProjectDependencies) = postProject
		{0936A7B8-E995-452D-8062-CA9311854018} = {0936A7B8-E995-452D-8062-CA9311854018}
	EndProjectSection
EndProject
Project("{8BC9CEB8-8B4A-11D0-8D11-00A0C91BC942}") = "plugins", "framework\src\plugins\plugins.vcxproj", "{0CA4C3EA-2DD4-4BB3-804C-331D09CC3402}"
	ProjectSection(ProjectDependencies) = postProject
		{6A3B427D-D8AF-4D2A-B400-924D2596DCF7} = {6A3B427D-D8AF-4D2A-B400-924D2596DCF7}
		{0936A7B8-E995-452D-8062-CA9311854018} = {0936A7B8-E995-452D-8062-CA9311854018}
		{6838AFCB-D65D-443A-A435-2F1940790836} = {6838AFCB-D65D-443A-A435-2F1940790836}
		{B63FDAE4-53A4-4B19-BFEC-6E6A2EF841F5} = {B63FDAE4-53A4-4B19-BFEC-6E6A2EF841F5}
		{A7B258FF-15DD-4769-966C-703530E26530} = {A7B258FF-15DD-4769-966C-703530E26530}
	EndProjectSection
EndProject
Project("{8BC9CEB8-8B4A-11D0-8D11-00A0C91BC942}") = "proxystubs", "framework\src\proxystubs\proxystubs.vcxproj", "{A39F195B-4FD2-424D-A8C7-3D323C281438}"
	ProjectSection(ProjectDependencies) = postProject
		{0936A7B8-E995-452D-8062-CA9311854018} = {0936A7B8-E995-452D-8062-CA9311854018}
		{6838AFCB-D65D-443A-A435-2F1940790836} = {6838AFCB-D65D-443A-A435-2F1940790836}
		{B63FDAE4-53A4-4B19-BFEC-6E6A2EF841F5} = {B63FDAE4-53A4-4B19-BFEC-6E6A2EF841F5}
		{0CA4C3EA-2DD4-4BB3-804C-331D09CC3402} = {0CA4C3EA-2DD4-4BB3-804C-331D09CC3402}
	EndProjectSection
EndProject
Project("{8BC9CEB8-8B4A-11D0-8D11-00A0C91BC942}") = "tracing", "framework\src\tracing\tracing.vcxproj", "{6838AFCB-D65D-443A-A435-2F1940790836}"
	ProjectSection(ProjectDependencies) = postProject
		{0936A7B8-E995-452D-8062-CA9311854018} = {0936A7B8-E995-452D-8062-CA9311854018}
	EndProjectSection
EndProject
Project("{8BC9CEB8-8B4A-11D0-8D11-00A0C91BC942}") = "websocket", "framework\src\websocket\websocket.vcxproj", "{6A3B427D-D8AF-4D2A-B400-924D2596DCF7}"
	ProjectSection(ProjectDependencies) = postProject
		{0936A7B8-E995-452D-8062-CA9311854018} = {0936A7B8-E995-452D-8062-CA9311854018}
	EndProjectSection
EndProject
Project("{8BC9CEB8-8B4A-11D0-8D11-00A0C91BC942}") = "zigbee", "framework\src\zigbee\zigbee.vcxproj", "{D12FDAE4-53A4-4B19-BFDC-6E6A2CF84166}"
	ProjectSection(ProjectDependencies) = postProject
		{0936A7B8-E995-452D-8062-CA9311854018} = {0936A7B8-E995-452D-8062-CA9311854018}
	EndProjectSection
EndProject
Project("{8BC9CEB8-8B4A-11D0-8D11-00A0C91BC942}") = "zwave", "framework\src\zwave\zwave.vcxproj", "{B12FDA44-53C4-4B19-BF22-6E6A2CF841F5}"
	ProjectSection(ProjectDependencies) = postProject
		{0936A7B8-E995-452D-8062-CA9311854018} = {0936A7B8-E995-452D-8062-CA9311854018}
	EndProjectSection
EndProject
Project("{8BC9CEB8-8B4A-11D0-8D11-00A0C91BC942}") = "Interfaces", "contracts\src\interfaces\Interfaces.vcxproj", "{3DA3B4B6-916E-4F21-88C6-512DF0C0A38C}"
	ProjectSection(ProjectDependencies) = postProject
		{577A83B6-66B6-4A98-A3D6-4EBA066A1772} = {577A83B6-66B6-4A98-A3D6-4EBA066A1772}
		{0936A7B8-E995-452D-8062-CA9311854018} = {0936A7B8-E995-452D-8062-CA9311854018}
		{6838AFCB-D65D-443A-A435-2F1940790836} = {6838AFCB-D65D-443A-A435-2F1940790836}
		{B63FDAE4-53A4-4B19-BFEC-6E6A2EF841F5} = {B63FDAE4-53A4-4B19-BFEC-6E6A2EF841F5}
		{0CA4C3EA-2DD4-4BB3-804C-331D09CC3402} = {0CA4C3EA-2DD4-4BB3-804C-331D09CC3402}
	EndProjectSection
EndProject
Project("{8BC9CEB8-8B4A-11D0-8D11-00A0C91BC942}") = "definitions", "contracts\src\definitions\Definitions.vcxproj", "{577A83B6-66B6-4A98-A3D6-4EBA066A1772}"
	ProjectSection(ProjectDependencies) = postProject
		{6A3B427D-D8AF-4D2A-B400-924D2596DCF7} = {6A3B427D-D8AF-4D2A-B400-924D2596DCF7}
		{0936A7B8-E995-452D-8062-CA9311854018} = {0936A7B8-E995-452D-8062-CA9311854018}
		{6838AFCB-D65D-443A-A435-2F1940790836} = {6838AFCB-D65D-443A-A435-2F1940790836}
		{B63FDAE4-53A4-4B19-BFEC-6E6A2EF841F5} = {B63FDAE4-53A4-4B19-BFEC-6E6A2EF841F5}
		{0CA4C3EA-2DD4-4BB3-804C-331D09CC3402} = {0CA4C3EA-2DD4-4BB3-804C-331D09CC3402}
	EndProjectSection
EndProject
Project("{8BC9CEB8-8B4A-11D0-8D11-00A0C91BC942}") = "DeviceInfo", "modules\src\deviceinfo\DeviceInfo.vcxproj", "{6C8E75AE-796C-4598-9CFF-4F462F968955}"
EndProject
Project("{8BC9CEB8-8B4A-11D0-8D11-00A0C91BC942}") = "core", "framework\src\core\core.vcxproj", "{0936A7B8-E995-452D-8062-CA9311854018}"
EndProject
Global
	GlobalSection(SolutionConfigurationPlatforms) = preSolution
		Debug|x64 = Debug|x64
		Debug|x86 = Debug|x86
		Release|x64 = Release|x64
		Release|x86 = Release|x86
	EndGlobalSection
	GlobalSection(ProjectConfigurationPlatforms) = postSolution
		{34090477-688B-45F5-9998-11A71A6B043F}.Debug|x64.ActiveCfg = Debug|x64
		{34090477-688B-45F5-9998-11A71A6B043F}.Debug|x64.Build.0 = Debug|x64
		{34090477-688B-45F5-9998-11A71A6B043F}.Debug|x86.ActiveCfg = Debug|x64
		{34090477-688B-45F5-9998-11A71A6B043F}.Debug|x86.Build.0 = Debug|x64
		{34090477-688B-45F5-9998-11A71A6B043F}.Release|x64.ActiveCfg = Debug|x64
		{34090477-688B-45F5-9998-11A71A6B043F}.Release|x64.Build.0 = Debug|x64
		{34090477-688B-45F5-9998-11A71A6B043F}.Release|x86.ActiveCfg = Debug|x64
		{34090477-688B-45F5-9998-11A71A6B043F}.Release|x86.Build.0 = Debug|x64
		{A8D818F5-7324-4620-B1AF-B388AB538502}.Debug|x64.ActiveCfg = Debug|x64
		{A8D818F5-7324-4620-B1AF-B388AB538502}.Debug|x64.Build.0 = Debug|x64
		{A8D818F5-7324-4620-B1AF-B388AB538502}.Debug|x86.ActiveCfg = Debug|x64
		{A8D818F5-7324-4620-B1AF-B388AB538502}.Debug|x86.Build.0 = Debug|x64
		{A8D818F5-7324-4620-B1AF-B388AB538502}.Release|x64.ActiveCfg = Debug|x64
		{A8D818F5-7324-4620-B1AF-B388AB538502}.Release|x64.Build.0 = Debug|x64
		{A8D818F5-7324-4620-B1AF-B388AB538502}.Release|x86.ActiveCfg = Debug|x64
		{A8D818F5-7324-4620-B1AF-B388AB538502}.Release|x86.Build.0 = Debug|x64
		{DEBD9452-DA29-4C28-8800-32E1484EA16F}.Debug|x64.ActiveCfg = Debug|x64
		{DEBD9452-DA29-4C28-8800-32E1484EA16F}.Debug|x64.Build.0 = Debug|x64
		{DEBD9452-DA29-4C28-8800-32E1484EA16F}.Debug|x86.ActiveCfg = Debug|x64
		{DEBD9452-DA29-4C28-8800-32E1484EA16F}.Debug|x86.Build.0 = Debug|x64
		{DEBD9452-DA29-4C28-8800-32E1484EA16F}.Release|x64.ActiveCfg = Debug|x64
		{DEBD9452-DA29-4C28-8800-32E1484EA16F}.Release|x64.Build.0 = Debug|x64
		{DEBD9452-DA29-4C28-8800-32E1484EA16F}.Release|x86.ActiveCfg = Debug|x64
		{DEBD9452-DA29-4C28-8800-32E1484EA16F}.Release|x86.Build.0 = Debug|x64
		{A8D818F5-FAAD-4620-B1AF-1234AB538502}.Debug|x64.ActiveCfg = Debug|x64
		{A8D818F5-FAAD-4620-B1AF-1234AB538502}.Debug|x64.Build.0 = Debug|x64
		{A8D818F5-FAAD-4620-B1AF-1234AB538502}.Debug|x86.ActiveCfg = Debug|x64
		{A8D818F5-FAAD-4620-B1AF-1234AB538502}.Debug|x86.Build.0 = Debug|x64
		{A8D818F5-FAAD-4620-B1AF-1234AB538502}.Release|x64.ActiveCfg = Debug|x64
		{A8D818F5-FAAD-4620-B1AF-1234AB538502}.Release|x64.Build.0 = Debug|x64
		{A8D818F5-FAAD-4620-B1AF-1234AB538502}.Release|x86.ActiveCfg = Debug|x64
		{A8D818F5-FAAD-4620-B1AF-1234AB538502}.Release|x86.Build.0 = Debug|x64
		{F3DF5408-637E-49DB-BF6B-0B7D17509AC0}.Debug|x64.ActiveCfg = Debug|x64
		{F3DF5408-637E-49DB-BF6B-0B7D17509AC0}.Debug|x64.Build.0 = Debug|x64
		{F3DF5408-637E-49DB-BF6B-0B7D17509AC0}.Debug|x86.ActiveCfg = Debug|x64
		{F3DF5408-637E-49DB-BF6B-0B7D17509AC0}.Debug|x86.Build.0 = Debug|x64
		{F3DF5408-637E-49DB-BF6B-0B7D17509AC0}.Release|x64.ActiveCfg = Debug|x64
		{F3DF5408-637E-49DB-BF6B-0B7D17509AC0}.Release|x64.Build.0 = Debug|x64
		{F3DF5408-637E-49DB-BF6B-0B7D17509AC0}.Release|x86.ActiveCfg = Debug|x64
		{F3DF5408-637E-49DB-BF6B-0B7D17509AC0}.Release|x86.Build.0 = Debug|x64
		{B63FDAE4-53A4-4B19-BFEC-6E6A2EF841F5}.Debug|x64.ActiveCfg = Debug|x64
		{B63FDAE4-53A4-4B19-BFEC-6E6A2EF841F5}.Debug|x64.Build.0 = Debug|x64
		{B63FDAE4-53A4-4B19-BFEC-6E6A2EF841F5}.Debug|x86.ActiveCfg = Debug|x64
		{B63FDAE4-53A4-4B19-BFEC-6E6A2EF841F5}.Debug|x86.Build.0 = Debug|x64
		{B63FDAE4-53A4-4B19-BFEC-6E6A2EF841F5}.Release|x64.ActiveCfg = Debug|x64
		{B63FDAE4-53A4-4B19-BFEC-6E6A2EF841F5}.Release|x64.Build.0 = Debug|x64
		{B63FDAE4-53A4-4B19-BFEC-6E6A2EF841F5}.Release|x86.ActiveCfg = Debug|x64
		{B63FDAE4-53A4-4B19-BFEC-6E6A2EF841F5}.Release|x86.Build.0 = Debug|x64
		{B88DE14D-3E0D-440E-A753-CE7ADD5DF3CA}.Debug|x64.ActiveCfg = Debug|x64
		{B88DE14D-3E0D-440E-A753-CE7ADD5DF3CA}.Debug|x64.Build.0 = Debug|x64
		{B88DE14D-3E0D-440E-A753-CE7ADD5DF3CA}.Debug|x86.ActiveCfg = Debug|x64
		{B88DE14D-3E0D-440E-A753-CE7ADD5DF3CA}.Debug|x86.Build.0 = Debug|x64
		{B88DE14D-3E0D-440E-A753-CE7ADD5DF3CA}.Release|x64.ActiveCfg = Debug|x64
		{B88DE14D-3E0D-440E-A753-CE7ADD5DF3CA}.Release|x64.Build.0 = Debug|x64
		{B88DE14D-3E0D-440E-A753-CE7ADD5DF3CA}.Release|x86.ActiveCfg = Debug|x64
		{B88DE14D-3E0D-440E-A753-CE7ADD5DF3CA}.Release|x86.Build.0 = Debug|x64
		{A7B258FF-15DD-4769-966C-703530E26530}.Debug|x64.ActiveCfg = Debug|x64
		{A7B258FF-15DD-4769-966C-703530E26530}.Debug|x64.Build.0 = Debug|x64
		{A7B258FF-15DD-4769-966C-703530E26530}.Debug|x86.ActiveCfg = Debug|x64
		{A7B258FF-15DD-4769-966C-703530E26530}.Debug|x86.Build.0 = Debug|x64
		{A7B258FF-15DD-4769-966C-703530E26530}.Release|x64.ActiveCfg = Debug|x64
		{A7B258FF-15DD-4769-966C-703530E26530}.Release|x64.Build.0 = Debug|x64
		{A7B258FF-15DD-4769-966C-703530E26530}.Release|x86.ActiveCfg = Debug|x64
		{A7B258FF-15DD-4769-966C-703530E26530}.Release|x86.Build.0 = Debug|x64
		{B12FDAE4-53A4-4B19-BFEC-6E6A2CF841F5}.Debug|x64.ActiveCfg = Debug|x64
		{B12FDAE4-53A4-4B19-BFEC-6E6A2CF841F5}.Debug|x64.Build.0 = Debug|x64
		{B12FDAE4-53A4-4B19-BFEC-6E6A2CF841F5}.Debug|x86.ActiveCfg = Debug|x64
		{B12FDAE4-53A4-4B19-BFEC-6E6A2CF841F5}.Debug|x86.Build.0 = Debug|x64
		{B12FDAE4-53A4-4B19-BFEC-6E6A2CF841F5}.Release|x64.ActiveCfg = Debug|x64
		{B12FDAE4-53A4-4B19-BFEC-6E6A2CF841F5}.Release|x64.Build.0 = Debug|x64
		{B12FDAE4-53A4-4B19-BFEC-6E6A2CF841F5}.Release|x86.ActiveCfg = Debug|x64
		{B12FDAE4-53A4-4B19-BFEC-6E6A2CF841F5}.Release|x86.Build.0 = Debug|x64
		{0CA4C3EA-2DD4-4BB3-804C-331D09CC3402}.Debug|x64.ActiveCfg = Debug|x64
		{0CA4C3EA-2DD4-4BB3-804C-331D09CC3402}.Debug|x64.Build.0 = Debug|x64
		{0CA4C3EA-2DD4-4BB3-804C-331D09CC3402}.Debug|x86.ActiveCfg = Debug|x64
		{0CA4C3EA-2DD4-4BB3-804C-331D09CC3402}.Debug|x86.Build.0 = Debug|x64
		{0CA4C3EA-2DD4-4BB3-804C-331D09CC3402}.Release|x64.ActiveCfg = Debug|x64
		{0CA4C3EA-2DD4-4BB3-804C-331D09CC3402}.Release|x64.Build.0 = Debug|x64
		{0CA4C3EA-2DD4-4BB3-804C-331D09CC3402}.Release|x86.ActiveCfg = Debug|x64
		{0CA4C3EA-2DD4-4BB3-804C-331D09CC3402}.Release|x86.Build.0 = Debug|x64
		{A39F195B-4FD2-424D-A8C7-3D323C281438}.Debug|x64.ActiveCfg = Debug|x64
		{A39F195B-4FD2-424D-A8C7-3D323C281438}.Debug|x64.Build.0 = Debug|x64
		{A39F195B-4FD2-424D-A8C7-3D323C281438}.Debug|x86.ActiveCfg = Debug|x64
		{A39F195B-4FD2-424D-A8C7-3D323C281438}.Debug|x86.Build.0 = Debug|x64
		{A39F195B-4FD2-424D-A8C7-3D323C281438}.Release|x64.ActiveCfg = Debug|x64
		{A39F195B-4FD2-424D-A8C7-3D323C281438}.Release|x64.Build.0 = Debug|x64
		{A39F195B-4FD2-424D-A8C7-3D323C281438}.Release|x86.ActiveCfg = Debug|x64
		{A39F195B-4FD2-424D-A8C7-3D323C281438}.Release|x86.Build.0 = Debug|x64
		{6838AFCB-D65D-443A-A435-2F1940790836}.Debug|x64.ActiveCfg = Debug|x64
		{6838AFCB-D65D-443A-A435-2F1940790836}.Debug|x64.Build.0 = Debug|x64
		{6838AFCB-D65D-443A-A435-2F1940790836}.Debug|x86.ActiveCfg = Debug|x64
		{6838AFCB-D65D-443A-A435-2F1940790836}.Debug|x86.Build.0 = Debug|x64
		{6838AFCB-D65D-443A-A435-2F1940790836}.Release|x64.ActiveCfg = Debug|x64
		{6838AFCB-D65D-443A-A435-2F1940790836}.Release|x64.Build.0 = Debug|x64
		{6838AFCB-D65D-443A-A435-2F1940790836}.Release|x86.ActiveCfg = Debug|x64
		{6838AFCB-D65D-443A-A435-2F1940790836}.Release|x86.Build.0 = Debug|x64
		{6A3B427D-D8AF-4D2A-B400-924D2596DCF7}.Debug|x64.ActiveCfg = Debug|x64
		{6A3B427D-D8AF-4D2A-B400-924D2596DCF7}.Debug|x64.Build.0 = Debug|x64
		{6A3B427D-D8AF-4D2A-B400-924D2596DCF7}.Debug|x86.ActiveCfg = Debug|x64
		{6A3B427D-D8AF-4D2A-B400-924D2596DCF7}.Debug|x86.Build.0 = Debug|x64
		{6A3B427D-D8AF-4D2A-B400-924D2596DCF7}.Release|x64.ActiveCfg = Debug|x64
		{6A3B427D-D8AF-4D2A-B400-924D2596DCF7}.Release|x64.Build.0 = Debug|x64
		{6A3B427D-D8AF-4D2A-B400-924D2596DCF7}.Release|x86.ActiveCfg = Debug|x64
		{6A3B427D-D8AF-4D2A-B400-924D2596DCF7}.Release|x86.Build.0 = Debug|x64
		{D12FDAE4-53A4-4B19-BFDC-6E6A2CF84166}.Debug|x64.ActiveCfg = Debug|x64
		{D12FDAE4-53A4-4B19-BFDC-6E6A2CF84166}.Debug|x64.Build.0 = Debug|x64
		{D12FDAE4-53A4-4B19-BFDC-6E6A2CF84166}.Debug|x86.ActiveCfg = Debug|x64
		{D12FDAE4-53A4-4B19-BFDC-6E6A2CF84166}.Debug|x86.Build.0 = Debug|x64
		{D12FDAE4-53A4-4B19-BFDC-6E6A2CF84166}.Release|x64.ActiveCfg = Debug|x64
		{D12FDAE4-53A4-4B19-BFDC-6E6A2CF84166}.Release|x64.Build.0 = Debug|x64
		{D12FDAE4-53A4-4B19-BFDC-6E6A2CF84166}.Release|x86.ActiveCfg = Debug|x64
		{D12FDAE4-53A4-4B19-BFDC-6E6A2CF84166}.Release|x86.Build.0 = Debug|x64
		{B12FDA44-53C4-4B19-BF22-6E6A2CF841F5}.Debug|x64.ActiveCfg = Debug|x64
		{B12FDA44-53C4-4B19-BF22-6E6A2CF841F5}.Debug|x64.Build.0 = Debug|x64
		{B12FDA44-53C4-4B19-BF22-6E6A2CF841F5}.Debug|x86.ActiveCfg = Debug|x64
		{B12FDA44-53C4-4B19-BF22-6E6A2CF841F5}.Debug|x86.Build.0 = Debug|x64
		{B12FDA44-53C4-4B19-BF22-6E6A2CF841F5}.Release|x64.ActiveCfg = Debug|x64
		{B12FDA44-53C4-4B19-BF22-6E6A2CF841F5}.Release|x64.Build.0 = Debug|x64
		{B12FDA44-53C4-4B19-BF22-6E6A2CF841F5}.Release|x86.ActiveCfg = Debug|x64
		{B12FDA44-53C4-4B19-BF22-6E6A2CF841F5}.Release|x86.Build.0 = Debug|x64
		{3DA3B4B6-916E-4F21-88C6-512DF0C0A38C}.Debug|x64.ActiveCfg = Debug|x64
		{3DA3B4B6-916E-4F21-88C6-512DF0C0A38C}.Debug|x64.Build.0 = Debug|x64
		{3DA3B4B6-916E-4F21-88C6-512DF0C0A38C}.Debug|x86.ActiveCfg = Debug|x64
		{3DA3B4B6-916E-4F21-88C6-512DF0C0A38C}.Debug|x86.Build.0 = Debug|x64
		{3DA3B4B6-916E-4F21-88C6-512DF0C0A38C}.Release|x64.ActiveCfg = Debug|x64
		{3DA3B4B6-916E-4F21-88C6-512DF0C0A38C}.Release|x64.Build.0 = Debug|x64
		{3DA3B4B6-916E-4F21-88C6-512DF0C0A38C}.Release|x86.ActiveCfg = Debug|x64
		{3DA3B4B6-916E-4F21-88C6-512DF0C0A38C}.Release|x86.Build.0 = Debug|x64
		{577A83B6-66B6-4A98-A3D6-4EBA066A1772}.Debug|x64.ActiveCfg = Debug|x64
		{577A83B6-66B6-4A98-A3D6-4EBA066A1772}.Debug|x64.Build.0 = Debug|x64
		{577A83B6-66B6-4A98-A3D6-4EBA066A1772}.Debug|x86.ActiveCfg = Debug|x64
		{577A83B6-66B6-4A98-A3D6-4EBA066A1772}.Debug|x86.Build.0 = Debug|x64
		{577A83B6-66B6-4A98-A3D6-4EBA066A1772}.Release|x64.ActiveCfg = Debug|x64
		{577A83B6-66B6-4A98-A3D6-4EBA066A1772}.Release|x64.Build.0 = Debug|x64
		{577A83B6-66B6-4A98-A3D6-4EBA066A1772}.Release|x86.ActiveCfg = Debug|x64
		{577A83B6-66B6-4A98-A3D6-4EBA066A1772}.Release|x86.Build.0 = Debug|x64
		{6C8E75AE-796C-4598-9CFF-4F462F968955}.Debug|x64.ActiveCfg = Debug|x64
		{6C8E75AE-796C-4598-9CFF-4F462F968955}.Debug|x64.Build.0 = Debug|x64
		{6C8E75AE-796C-4598-9CFF-4F462F968955}.Debug|x86.ActiveCfg = Debug|x64
		{6C8E75AE-796C-4598-9CFF-4F462F968955}.Debug|x86.Build.0 = Debug|x64
		{6C8E75AE-796C-4598-9CFF-4F462F968955}.Release|x64.ActiveCfg = Debug|x64
		{6C8E75AE-796C-4598-9CFF-4F462F968955}.Release|x64.Build.0 = Debug|x64
		{6C8E75AE-796C-4598-9CFF-4F462F968955}.Release|x86.ActiveCfg = Debug|x64
		{6C8E75AE-796C-4598-9CFF-4F462F968955}.Release|x86.Build.0 = Debug|x64
		{0936A7B8-E995-452D-8062-CA9311854018}.Debug|x64.ActiveCfg = Debug|x64
		{0936A7B8-E995-452D-8062-CA9311854018}.Debug|x64.Build.0 = Debug|x64
		{0936A7B8-E995-452D-8062-CA9311854018}.Debug|x86.ActiveCfg = Debug|x64
		{0936A7B8-E995-452D-8062-CA9311854018}.Debug|x86.Build.0 = Debug|x64
		{0936A7B8-E995-452D-8062-CA9311854018}.Release|x64.ActiveCfg = Debug|x64
		{0936A7B8-E995-452D-8062-CA9311854018}.Release|x64.Build.0 = Debug|x64
		{0936A7B8-E995-452D-8062-CA9311854018}.Release|x86.ActiveCfg = Debug|x64
		{0936A7B8-E995-452D-8062-CA9311854018}.Release|x86.Build.0 = Debug|x64
	EndGlobalSection
	GlobalSection(SolutionProperties) = preSolution
		HideSolutionNode = FALSE
	EndGlobalSection
	GlobalSection(NestedProjects) = preSolution
		{34090477-688B-45F5-9998-11A71A6B043F} = {EB8E4986-4C35-4337-AFCC-FA3D8A618CB7}
		{A8D818F5-7324-4620-B1AF-B388AB538502} = {EB8E4986-4C35-4337-AFCC-FA3D8A618CB7}
		{DEBD9452-DA29-4C28-8800-32E1484EA16F} = {EB8E4986-4C35-4337-AFCC-FA3D8A618CB7}
		{A8D818F5-FAAD-4620-B1AF-1234AB538502} = {EB8E4986-4C35-4337-AFCC-FA3D8A618CB7}
		{F3DF5408-637E-49DB-BF6B-0B7D17509AC0} = {39B08B60-AE5B-4631-968E-74C78128092A}
		{B63FDAE4-53A4-4B19-BFEC-6E6A2EF841F5} = {39B08B60-AE5B-4631-968E-74C78128092A}
		{B88DE14D-3E0D-440E-A753-CE7ADD5DF3CA} = {39B08B60-AE5B-4631-968E-74C78128092A}
		{A7B258FF-15DD-4769-966C-703530E26530} = {39B08B60-AE5B-4631-968E-74C78128092A}
		{B12FDAE4-53A4-4B19-BFEC-6E6A2CF841F5} = {39B08B60-AE5B-4631-968E-74C78128092A}
		{0CA4C3EA-2DD4-4BB3-804C-331D09CC3402} = {39B08B60-AE5B-4631-968E-74C78128092A}
		{A39F195B-4FD2-424D-A8C7-3D323C281438} = {39B08B60-AE5B-4631-968E-74C78128092A}
		{6838AFCB-D65D-443A-A435-2F1940790836} = {39B08B60-AE5B-4631-968E-74C78128092A}
		{6A3B427D-D8AF-4D2A-B400-924D2596DCF7} = {39B08B60-AE5B-4631-968E-74C78128092A}
		{D12FDAE4-53A4-4B19-BFDC-6E6A2CF84166} = {39B08B60-AE5B-4631-968E-74C78128092A}
		{B12FDA44-53C4-4B19-BF22-6E6A2CF841F5} = {39B08B60-AE5B-4631-968E-74C78128092A}
		{3DA3B4B6-916E-4F21-88C6-512DF0C0A38C} = {34C80090-E20E-4B20-A224-BBC3F6BC1CA7}
		{577A83B6-66B6-4A98-A3D6-4EBA066A1772} = {34C80090-E20E-4B20-A224-BBC3F6BC1CA7}
		{6C8E75AE-796C-4598-9CFF-4F462F968955} = {6506C4CF-3851-4BF8-89BB-BC8354ADF1E2}
		{0936A7B8-E995-452D-8062-CA9311854018} = {39B08B60-AE5B-4631-968E-74C78128092A}
	EndGlobalSection
	GlobalSection(ExtensibilityGlobals) = postSolution
		SolutionGuid = {69B62649-B607-406C-954D-8F68DEF084A6}
	EndGlobalSection
EndGlobal
