Microsoft Visual Studio Solution File, Format Version 12.00
# Visual Studio Version 17
VisualStudioVersion = 17.0.31423.177
MinimumVisualStudioVersion = 10.0.40219.1
Project("{2150E333-8FDC-42A3-9474-1A3956D46DE8}") = "bridge", "bridge", "{39B08B60-AE5B-4631-968E-74C78128092A}"
EndProject
Project("{2150E333-8FDC-42A3-9474-1A3956D46DE8}") = "contracts", "contracts", "{34C80090-E20E-4B20-A224-BBC3F6BC1CA7}"
EndProject
Project("{2150E333-8FDC-42A3-9474-1A3956D46DE8}") = "clients", "clients", "{EB8E4986-4C35-4337-AFCC-FA3D8A618CB7}"
EndProject
Project("{2150E333-8FDC-42A3-9474-1A3956D46DE8}") = "plugins", "plugins", "{6506C4CF-3851-4BF8-89BB-BC8354ADF1E2}"
EndProject
Project("{8BC9CEB8-8B4A-11D0-8D11-00A0C91BC942}") = "ocdm", "ThunderClientLibraries\Source\ocdm\ocdm.vcxproj", "{34090477-688B-45F5-9998-11A71A6B043F}"
	ProjectSection(ProjectDependencies) = postProject
		{0936A7B8-E995-452D-8062-CA9311854018} = {0936A7B8-E995-452D-8062-CA9311854018}
		{3DA3B4B6-916E-4F21-88C6-512DF0C0A38C} = {3DA3B4B6-916E-4F21-88C6-512DF0C0A38C}
		{577A83B6-66B6-4A98-A3D6-4EBA066A1772} = {577A83B6-66B6-4A98-A3D6-4EBA066A1772}
		{A7B258FF-15DD-4769-966C-703530E26530} = {A7B258FF-15DD-4769-966C-703530E26530}
	EndProjectSection
EndProject
Project("{8BC9CEB8-8B4A-11D0-8D11-00A0C91BC942}") = "securityagent", "ThunderClientLibraries\Source\securityagent\securityagent.vcxproj", "{A8D818F5-7324-4620-B1AF-B388AB538502}"
	ProjectSection(ProjectDependencies) = postProject
		{0936A7B8-E995-452D-8062-CA9311854018} = {0936A7B8-E995-452D-8062-CA9311854018}
		{3DA3B4B6-916E-4F21-88C6-512DF0C0A38C} = {3DA3B4B6-916E-4F21-88C6-512DF0C0A38C}
		{577A83B6-66B6-4A98-A3D6-4EBA066A1772} = {577A83B6-66B6-4A98-A3D6-4EBA066A1772}
		{A7B258FF-15DD-4769-966C-703530E26530} = {A7B258FF-15DD-4769-966C-703530E26530}
	EndProjectSection
EndProject
Project("{8BC9CEB8-8B4A-11D0-8D11-00A0C91BC942}") = "virtualinput", "ThunderClientLibraries\Source\virtualinput\virtualinput.vcxproj", "{DEBD9452-DA29-4C28-8800-32E1484EA16F}"
	ProjectSection(ProjectDependencies) = postProject
		{0936A7B8-E995-452D-8062-CA9311854018} = {0936A7B8-E995-452D-8062-CA9311854018}
		{3DA3B4B6-916E-4F21-88C6-512DF0C0A38C} = {3DA3B4B6-916E-4F21-88C6-512DF0C0A38C}
		{577A83B6-66B6-4A98-A3D6-4EBA066A1772} = {577A83B6-66B6-4A98-A3D6-4EBA066A1772}
		{A7B258FF-15DD-4769-966C-703530E26530} = {A7B258FF-15DD-4769-966C-703530E26530}
	EndProjectSection
EndProject
Project("{8BC9CEB8-8B4A-11D0-8D11-00A0C91BC942}") = "comprocess", "Thunder\Source\ThunderPlugin\comprocess.vcxproj", "{B88DE14D-3E0D-440E-A753-CE7ADD5DF3CA}"
	ProjectSection(ProjectDependencies) = postProject
		{0936A7B8-E995-452D-8062-CA9311854018} = {0936A7B8-E995-452D-8062-CA9311854018}
		{0CA4C3EA-2DD4-4BB3-804C-331D09CC3402} = {0CA4C3EA-2DD4-4BB3-804C-331D09CC3402}
		{6A3B427D-D8AF-4D2A-B400-924D2596DCF7} = {6A3B427D-D8AF-4D2A-B400-924D2596DCF7}
	EndProjectSection
EndProject
Project("{8BC9CEB8-8B4A-11D0-8D11-00A0C91BC942}") = "cryptalgo", "Thunder\Source\cryptalgo\cryptalgo.vcxproj", "{A7B258FF-15DD-4769-966C-703530E26530}"
	ProjectSection(ProjectDependencies) = postProject
		{0936A7B8-E995-452D-8062-CA9311854018} = {0936A7B8-E995-452D-8062-CA9311854018}
	EndProjectSection
EndProject
Project("{8BC9CEB8-8B4A-11D0-8D11-00A0C91BC942}") = "plugins", "Thunder\Source\plugins\plugins.vcxproj", "{0CA4C3EA-2DD4-4BB3-804C-331D09CC3402}"
	ProjectSection(ProjectDependencies) = postProject
		{0936A7B8-E995-452D-8062-CA9311854018} = {0936A7B8-E995-452D-8062-CA9311854018}
		{0CA4C35A-2DE4-4BB3-804C-331D09CC3402} = {0CA4C35A-2DE4-4BB3-804C-331D09CC3402}
		{6A3B427D-D8AF-4D2A-B400-924D2596DCF7} = {6A3B427D-D8AF-4D2A-B400-924D2596DCF7}
		{A7B258FF-15DD-4769-966C-703530E26530} = {A7B258FF-15DD-4769-966C-703530E26530}
		{B63FDAE4-53A4-4B19-BFEC-6E6A2EF841F5} = {B63FDAE4-53A4-4B19-BFEC-6E6A2EF841F5}
	EndProjectSection
EndProject
Project("{8BC9CEB8-8B4A-11D0-8D11-00A0C91BC942}") = "websocket", "Thunder\Source\websocket\websocket.vcxproj", "{6A3B427D-D8AF-4D2A-B400-924D2596DCF7}"
	ProjectSection(ProjectDependencies) = postProject
		{0936A7B8-E995-452D-8062-CA9311854018} = {0936A7B8-E995-452D-8062-CA9311854018}
		{A7B258FF-15DD-4769-966C-703530E26530} = {A7B258FF-15DD-4769-966C-703530E26530}
	EndProjectSection
EndProject
Project("{8BC9CEB8-8B4A-11D0-8D11-00A0C91BC942}") = "Interfaces", "ThunderInterfaces\interfaces\Interfaces.vcxproj", "{3DA3B4B6-916E-4F21-88C6-512DF0C0A38C}"
	ProjectSection(ProjectDependencies) = postProject
		{0936A7B8-E995-452D-8062-CA9311854018} = {0936A7B8-E995-452D-8062-CA9311854018}
		{0CA4C3EA-2DD4-4BB3-804C-331D09CC3402} = {0CA4C3EA-2DD4-4BB3-804C-331D09CC3402}
		{577A83B6-66B6-4A98-A3D6-4EBA066A1772} = {577A83B6-66B6-4A98-A3D6-4EBA066A1772}
	EndProjectSection
EndProject
Project("{8BC9CEB8-8B4A-11D0-8D11-00A0C91BC942}") = "definitions", "ThunderInterfaces\definitions\Definitions.vcxproj", "{577A83B6-66B6-4A98-A3D6-4EBA066A1772}"
	ProjectSection(ProjectDependencies) = postProject
		{0936A7B8-E995-452D-8062-CA9311854018} = {0936A7B8-E995-452D-8062-CA9311854018}
		{0CA4C3EA-2DD4-4BB3-804C-331D09CC3402} = {0CA4C3EA-2DD4-4BB3-804C-331D09CC3402}
		{6A3B427D-D8AF-4D2A-B400-924D2596DCF7} = {6A3B427D-D8AF-4D2A-B400-924D2596DCF7}
	EndProjectSection
EndProject
Project("{8BC9CEB8-8B4A-11D0-8D11-00A0C91BC942}") = "core", "Thunder\Source\core\core.vcxproj", "{0936A7B8-E995-452D-8062-CA9311854018}"
EndProject
Project("{8BC9CEB8-8B4A-11D0-8D11-00A0C91BC942}") = "displayinfo", "ThunderClientLibraries\Source\displayinfo\displayinfo.vcxproj", "{A8D818F5-FAAD-4620-B1AF-1234AB538502}"
	ProjectSection(ProjectDependencies) = postProject
		{3DA3B4B6-916E-4F21-88C6-512DF0C0A38C} = {3DA3B4B6-916E-4F21-88C6-512DF0C0A38C}
		{577A83B6-66B6-4A98-A3D6-4EBA066A1772} = {577A83B6-66B6-4A98-A3D6-4EBA066A1772}
	EndProjectSection
EndProject
Project("{8BC9CEB8-8B4A-11D0-8D11-00A0C91BC942}") = "bridge", "Thunder\Source\Thunder\bridge.vcxproj", "{F3DF5408-637E-49DB-BF6B-0B7D17509AC0}"
	ProjectSection(ProjectDependencies) = postProject
		{0CA4C3EA-2DD4-4BB3-804C-331D09CC3402} = {0CA4C3EA-2DD4-4BB3-804C-331D09CC3402}
	EndProjectSection
EndProject
Project("{8BC9CEB8-8B4A-11D0-8D11-00A0C91BC942}") = "com", "Thunder\Source\com\com.vcxproj", "{B63FDAE4-53A4-4B19-BFEC-6E6A2EF841F5}"
	ProjectSection(ProjectDependencies) = postProject
		{0936A7B8-E995-452D-8062-CA9311854018} = {0936A7B8-E995-452D-8062-CA9311854018}
		{1C5CA89C-31C9-481F-9014-04DA00D5A373} = {1C5CA89C-31C9-481F-9014-04DA00D5A373}
		{414DC2D4-2C59-4D15-A169-A34460E5CE48} = {414DC2D4-2C59-4D15-A169-A34460E5CE48}
		{68388CCB-365D-443A-A435-2F1940790836} = {68388CCB-365D-443A-A435-2F1940790836}
	EndProjectSection
EndProject
Project("{8BC9CEB8-8B4A-11D0-8D11-00A0C91BC942}") = "DeviceInfo", "ThunderNanoServicesRDK\DeviceInfo\DeviceInfo.vcxproj", "{6C8E75AE-796C-4598-9CFF-4F462F968955}"
	ProjectSection(ProjectDependencies) = postProject
		{0CA4C3EA-2DD4-4BB3-804C-331D09CC3402} = {0CA4C3EA-2DD4-4BB3-804C-331D09CC3402}
		{3DA3B4B6-916E-4F21-88C6-512DF0C0A38C} = {3DA3B4B6-916E-4F21-88C6-512DF0C0A38C}
		{577A83B6-66B6-4A98-A3D6-4EBA066A1772} = {577A83B6-66B6-4A98-A3D6-4EBA066A1772}
	EndProjectSection
EndProject
Project("{8BC9CEB8-8B4A-11D0-8D11-00A0C91BC942}") = "Commander", "ThunderNanoServices\Commander\Commander.vcxproj", "{6C8E75A7-796C-4598-9CFF-4F462F998355}"
	ProjectSection(ProjectDependencies) = postProject
		{3DA3B4B6-916E-4F21-88C6-512DF0C0A38C} = {3DA3B4B6-916E-4F21-88C6-512DF0C0A38C}
		{577A83B6-66B6-4A98-A3D6-4EBA066A1772} = {577A83B6-66B6-4A98-A3D6-4EBA066A1772}
	EndProjectSection
EndProject
Project("{8BC9CEB8-8B4A-11D0-8D11-00A0C91BC942}") = "DHCPServer", "ThunderNanoServices\DHCPServer\DHCPServer.vcxproj", "{614AEA75-493F-4DB4-897C-6A31238C5781}"
	ProjectSection(ProjectDependencies) = postProject
		{3DA3B4B6-916E-4F21-88C6-512DF0C0A38C} = {3DA3B4B6-916E-4F21-88C6-512DF0C0A38C}
		{577A83B6-66B6-4A98-A3D6-4EBA066A1772} = {577A83B6-66B6-4A98-A3D6-4EBA066A1772}
	EndProjectSection
EndProject
Project("{8BC9CEB8-8B4A-11D0-8D11-00A0C91BC942}") = "DIALServer", "ThunderNanoServices\DIALServer\DIALServer.vcxproj", "{43EAC8C4-B127-4F65-B621-BC14F9C65243}"
	ProjectSection(ProjectDependencies) = postProject
		{3DA3B4B6-916E-4F21-88C6-512DF0C0A38C} = {3DA3B4B6-916E-4F21-88C6-512DF0C0A38C}
		{577A83B6-66B6-4A98-A3D6-4EBA066A1772} = {577A83B6-66B6-4A98-A3D6-4EBA066A1772}
	EndProjectSection
EndProject
Project("{8BC9CEB8-8B4A-11D0-8D11-00A0C91BC942}") = "Dictionary", "ThunderNanoServices\Dictionary\Dictionary.vcxproj", "{51CD3B12-3CCC-4345-92F3-832D23F98F70}"
	ProjectSection(ProjectDependencies) = postProject
		{3DA3B4B6-916E-4F21-88C6-512DF0C0A38C} = {3DA3B4B6-916E-4F21-88C6-512DF0C0A38C}
		{577A83B6-66B6-4A98-A3D6-4EBA066A1772} = {577A83B6-66B6-4A98-A3D6-4EBA066A1772}
	EndProjectSection
EndProject
Project("{8BC9CEB8-8B4A-11D0-8D11-00A0C91BC942}") = "LocationSync", "ThunderNanoServicesRDK\LocationSync\LocationSync.vcxproj", "{43EAC8C4-C127-4F65-B621-AC64F9C65223}"
	ProjectSection(ProjectDependencies) = postProject
		{3DA3B4B6-916E-4F21-88C6-512DF0C0A38C} = {3DA3B4B6-916E-4F21-88C6-512DF0C0A38C}
		{577A83B6-66B6-4A98-A3D6-4EBA066A1772} = {577A83B6-66B6-4A98-A3D6-4EBA066A1772}
	EndProjectSection
EndProject
Project("{8BC9CEB8-8B4A-11D0-8D11-00A0C91BC942}") = "Messenger", "ThunderNanoServicesRDK\Messenger\Messenger.vcxproj", "{51CD3B12-3C87-424A-92C3-832D11F98F70}"
	ProjectSection(ProjectDependencies) = postProject
		{3DA3B4B6-916E-4F21-88C6-512DF0C0A38C} = {3DA3B4B6-916E-4F21-88C6-512DF0C0A38C}
		{577A83B6-66B6-4A98-A3D6-4EBA066A1772} = {577A83B6-66B6-4A98-A3D6-4EBA066A1772}
	EndProjectSection
EndProject
Project("{8BC9CEB8-8B4A-11D0-8D11-00A0C91BC942}") = "Monitor", "ThunderNanoServicesRDK\Monitor\Monitor.vcxproj", "{614AEA75-493F-4DB4-897C-6A3EAF8C5781}"
	ProjectSection(ProjectDependencies) = postProject
		{3DA3B4B6-916E-4F21-88C6-512DF0C0A38C} = {3DA3B4B6-916E-4F21-88C6-512DF0C0A38C}
		{577A83B6-66B6-4A98-A3D6-4EBA066A1772} = {577A83B6-66B6-4A98-A3D6-4EBA066A1772}
	EndProjectSection
EndProject
Project("{8BC9CEB8-8B4A-11D0-8D11-00A0C91BC942}") = "OpenCDMi", "ThunderNanoServicesRDK\OpenCDMi\OpenCDMi.vcxproj", "{7E7E9E39-AAA8-4A95-A53F-D1C6E88E97E8}"
	ProjectSection(ProjectDependencies) = postProject
		{3DA3B4B6-916E-4F21-88C6-512DF0C0A38C} = {3DA3B4B6-916E-4F21-88C6-512DF0C0A38C}
		{577A83B6-66B6-4A98-A3D6-4EBA066A1772} = {577A83B6-66B6-4A98-A3D6-4EBA066A1772}
	EndProjectSection
EndProject
Project("{8BC9CEB8-8B4A-11D0-8D11-00A0C91BC942}") = "NetworkControl", "ThunderNanoServices\NetworkControl\NetworkControl.vcxproj", "{612AEF75-493F-4AB4-897C-6A31238C5781}"
	ProjectSection(ProjectDependencies) = postProject
		{3DA3B4B6-916E-4F21-88C6-512DF0C0A38C} = {3DA3B4B6-916E-4F21-88C6-512DF0C0A38C}
		{577A83B6-66B6-4A98-A3D6-4EBA066A1772} = {577A83B6-66B6-4A98-A3D6-4EBA066A1772}
	EndProjectSection
EndProject
Project("{8BC9CEB8-8B4A-11D0-8D11-00A0C91BC942}") = "OutOfProcessPlugin", "ThunderNanoServices\examples\OutOfProcessPlugin\OutOfProcessPlugin.vcxproj", "{D93FD85B-F6AC-4387-9C61-5625899CECFD}"
	ProjectSection(ProjectDependencies) = postProject
		{3DA3B4B6-916E-4F21-88C6-512DF0C0A38C} = {3DA3B4B6-916E-4F21-88C6-512DF0C0A38C}
		{577A83B6-66B6-4A98-A3D6-4EBA066A1772} = {577A83B6-66B6-4A98-A3D6-4EBA066A1772}
	EndProjectSection
EndProject
Project("{8BC9CEB8-8B4A-11D0-8D11-00A0C91BC942}") = "RemoteControl", "ThunderNanoServices\RemoteControl\RemoteControl.vcxproj", "{2CD4DE2B-7064-41E9-892E-6F249C7E6BF5}"
	ProjectSection(ProjectDependencies) = postProject
		{3DA3B4B6-916E-4F21-88C6-512DF0C0A38C} = {3DA3B4B6-916E-4F21-88C6-512DF0C0A38C}
		{577A83B6-66B6-4A98-A3D6-4EBA066A1772} = {577A83B6-66B6-4A98-A3D6-4EBA066A1772}
		{DEBD9452-DA29-4C28-8800-32E1484EA16F} = {DEBD9452-DA29-4C28-8800-32E1484EA16F}
	EndProjectSection
EndProject
Project("{8BC9CEB8-8B4A-11D0-8D11-00A0C91BC942}") = "SecurityAgent", "ThunderNanoServicesRDK\SecurityAgent\SecurityAgent.vcxproj", "{5CCE3B12-3CCC-4E4A-92CA-832D11F98F70}"
	ProjectSection(ProjectDependencies) = postProject
		{3DA3B4B6-916E-4F21-88C6-512DF0C0A38C} = {3DA3B4B6-916E-4F21-88C6-512DF0C0A38C}
		{577A83B6-66B6-4A98-A3D6-4EBA066A1772} = {577A83B6-66B6-4A98-A3D6-4EBA066A1772}
	EndProjectSection
EndProject
Project("{8BC9CEB8-8B4A-11D0-8D11-00A0C91BC942}") = "SubsystemControl", "ThunderNanoServices\SubsystemController\SubsystemControl.vcxproj", "{628D7AD7-796C-4598-9CFD-2F362FAB8755}"
	ProjectSection(ProjectDependencies) = postProject
		{3DA3B4B6-916E-4F21-88C6-512DF0C0A38C} = {3DA3B4B6-916E-4F21-88C6-512DF0C0A38C}
		{577A83B6-66B6-4A98-A3D6-4EBA066A1772} = {577A83B6-66B6-4A98-A3D6-4EBA066A1772}
	EndProjectSection
EndProject
Project("{8BC9CEB8-8B4A-11D0-8D11-00A0C91BC942}") = "Svalbard", "ThunderNanoServices\Svalbard\Svalbard.vcxproj", "{628D7997-796C-4598-9CFD-4F362FAB8755}"
	ProjectSection(ProjectDependencies) = postProject
		{38D878FD-FAAD-4620-B1AF-5CB4AB5385F2} = {38D878FD-FAAD-4620-B1AF-5CB4AB5385F2}
		{3DA3B4B6-916E-4F21-88C6-512DF0C0A38C} = {3DA3B4B6-916E-4F21-88C6-512DF0C0A38C}
		{577A83B6-66B6-4A98-A3D6-4EBA066A1772} = {577A83B6-66B6-4A98-A3D6-4EBA066A1772}
	EndProjectSection
EndProject
Project("{8BC9CEB8-8B4A-11D0-8D11-00A0C91BC942}") = "TimeSync", "ThunderNanoServices\TimeSync\TimeSync.vcxproj", "{3B2AABD2-060F-4C2C-8633-4005645564F2}"
	ProjectSection(ProjectDependencies) = postProject
		{3DA3B4B6-916E-4F21-88C6-512DF0C0A38C} = {3DA3B4B6-916E-4F21-88C6-512DF0C0A38C}
		{577A83B6-66B6-4A98-A3D6-4EBA066A1772} = {577A83B6-66B6-4A98-A3D6-4EBA066A1772}
	EndProjectSection
EndProject
Project("{8BC9CEB8-8B4A-11D0-8D11-00A0C91BC942}") = "WebServer", "ThunderNanoServices\WebServer\WebServer.vcxproj", "{6B9091EB-E0CA-4FE5-9FF1-69DE4D749F00}"
	ProjectSection(ProjectDependencies) = postProject
		{3DA3B4B6-916E-4F21-88C6-512DF0C0A38C} = {3DA3B4B6-916E-4F21-88C6-512DF0C0A38C}
		{577A83B6-66B6-4A98-A3D6-4EBA066A1772} = {577A83B6-66B6-4A98-A3D6-4EBA066A1772}
	EndProjectSection
EndProject
Project("{8BC9CEB8-8B4A-11D0-8D11-00A0C91BC942}") = "cryptography", "ThunderClientLibraries\Source\cryptography\Cryptography.vcxproj", "{38D878FD-FAAD-4620-B1AF-5CB4AB5385F2}"
	ProjectSection(ProjectDependencies) = postProject
		{3DA3B4B6-916E-4F21-88C6-512DF0C0A38C} = {3DA3B4B6-916E-4F21-88C6-512DF0C0A38C}
		{577A83B6-66B6-4A98-A3D6-4EBA066A1772} = {577A83B6-66B6-4A98-A3D6-4EBA066A1772}
	EndProjectSection
EndProject
Project("{8BC9CEB8-8B4A-11D0-8D11-00A0C91BC942}") = "deviceinfo", "ThunderClientLibraries\Source\deviceinfo\DeviceInfo.vcxproj", "{A8D816F5-7314-466F-B1AF-B388AB538502}"
	ProjectSection(ProjectDependencies) = postProject
		{3DA3B4B6-916E-4F21-88C6-512DF0C0A38C} = {3DA3B4B6-916E-4F21-88C6-512DF0C0A38C}
		{577A83B6-66B6-4A98-A3D6-4EBA066A1772} = {577A83B6-66B6-4A98-A3D6-4EBA066A1772}
	EndProjectSection
EndProject
Project("{8BC9CEB8-8B4A-11D0-8D11-00A0C91BC942}") = "proxystubs", "Thunder\Source\plugins\proxystubs.vcxproj", "{0CA4C35A-2DE4-4BB3-804C-331D09CC3402}"
	ProjectSection(ProjectDependencies) = postProject
		{B63FDAE4-53A4-4B19-BFEC-6E6A2EF841F5} = {B63FDAE4-53A4-4B19-BFEC-6E6A2EF841F5}
	EndProjectSection
EndProject
Project("{8BC9CEB8-8B4A-11D0-8D11-00A0C91BC942}") = "messaging", "Thunder\Source\messaging\messaging.vcxproj", "{68388CCB-365D-443A-A435-2F1940790836}"
	ProjectSection(ProjectDependencies) = postProject
		{0936A7B8-E995-452D-8062-CA9311854018} = {0936A7B8-E995-452D-8062-CA9311854018}
		{A7B258FF-15DD-4769-966C-703530E26530} = {A7B258FF-15DD-4769-966C-703530E26530}
	EndProjectSection
EndProject
Project("{8BC9CEB8-8B4A-11D0-8D11-00A0C91BC942}") = "warningreporting", "Thunder\Source\extensions\warningreporting\warningreporting.vcxproj", "{414DC2D4-2C59-4D15-A169-A34460E5CE48}"
	ProjectSection(ProjectDependencies) = postProject
		{0936A7B8-E995-452D-8062-CA9311854018} = {0936A7B8-E995-452D-8062-CA9311854018}
		{68388CCB-365D-443A-A435-2F1940790836} = {68388CCB-365D-443A-A435-2F1940790836}
	EndProjectSection
EndProject
Project("{8BC9CEB8-8B4A-11D0-8D11-00A0C91BC942}") = "MessageControl", "ThunderNanoServicesRDK\MessageControl\MessageControl.vcxproj", "{ACA665CC-3DFA-4C67-A6F4-2DF827A9378A}"
	ProjectSection(ProjectDependencies) = postProject
		{3DA3B4B6-916E-4F21-88C6-512DF0C0A38C} = {3DA3B4B6-916E-4F21-88C6-512DF0C0A38C}
		{577A83B6-66B6-4A98-A3D6-4EBA066A1772} = {577A83B6-66B6-4A98-A3D6-4EBA066A1772}
		{68388CCB-365D-443A-A435-2F1940790836} = {68388CCB-365D-443A-A435-2F1940790836}
	EndProjectSection
EndProject
Project("{8BC9CEB8-8B4A-11D0-8D11-00A0C91BC942}") = "JSONRPCClient", "ThunderNanoServices\examples\JSONRPC\Client\JSONRPCClient.vcxproj", "{DFA83275-7232-4F2B-912A-BD362AA228B3}"
	ProjectSection(ProjectDependencies) = postProject
		{3DA3B4B6-916E-4F21-88C6-512DF0C0A38C} = {3DA3B4B6-916E-4F21-88C6-512DF0C0A38C}
		{A8D816F5-7314-466F-B1AF-B388AB538502} = {A8D816F5-7314-466F-B1AF-B388AB538502}
	EndProjectSection
EndProject
Project("{8BC9CEB8-8B4A-11D0-8D11-00A0C91BC942}") = "JSONRPCPlugin", "ThunderNanoServices\examples\JSONRPC\Plugin\JSONRPCPlugin.vcxproj", "{5CCE3BBB-3CBC-4E4A-92CA-832D119C8F70}"
	ProjectSection(ProjectDependencies) = postProject
		{3DA3B4B6-916E-4F21-88C6-512DF0C0A38C} = {3DA3B4B6-916E-4F21-88C6-512DF0C0A38C}
		{577A83B6-66B6-4A98-A3D6-4EBA066A1772} = {577A83B6-66B6-4A98-A3D6-4EBA066A1772}
	EndProjectSection
EndProject
Project("{8BC9CEB8-8B4A-11D0-8D11-00A0C91BC942}") = "assertion", "Thunder\Source\extensions\assertion\assertion.vcxproj", "{1C5CA89C-31C9-481F-9014-04DA00D5A373}"
	ProjectSection(ProjectDependencies) = postProject
		{0936A7B8-E995-452D-8062-CA9311854018} = {0936A7B8-E995-452D-8062-CA9311854018}
		{68388CCB-365D-443A-A435-2F1940790836} = {68388CCB-365D-443A-A435-2F1940790836}
	EndProjectSection
EndProject
Global
	GlobalSection(SolutionConfigurationPlatforms) = preSolution
		Debug|x64 = Debug|x64
		Debug|x86 = Debug|x86
		Release|x64 = Release|x64
		Release|x86 = Release|x86
	EndGlobalSection
	GlobalSection(ProjectConfigurationPlatforms) = postSolution
		{34090477-688B-45F5-9998-11A71A6B043F}.Debug|x64.ActiveCfg = Debug|x64
		{34090477-688B-45F5-9998-11A71A6B043F}.Debug|x64.Build.0 = Debug|x64
		{34090477-688B-45F5-9998-11A71A6B043F}.Debug|x86.ActiveCfg = Debug|Win32
		{34090477-688B-45F5-9998-11A71A6B043F}.Debug|x86.Build.0 = Debug|Win32
		{34090477-688B-45F5-9998-11A71A6B043F}.Release|x64.ActiveCfg = Release|x64
		{34090477-688B-45F5-9998-11A71A6B043F}.Release|x64.Build.0 = Release|x64
		{34090477-688B-45F5-9998-11A71A6B043F}.Release|x86.ActiveCfg = Release|Win32
		{34090477-688B-45F5-9998-11A71A6B043F}.Release|x86.Build.0 = Release|Win32
		{A8D818F5-7324-4620-B1AF-B388AB538502}.Debug|x64.ActiveCfg = Debug|x64
		{A8D818F5-7324-4620-B1AF-B388AB538502}.Debug|x64.Build.0 = Debug|x64
		{A8D818F5-7324-4620-B1AF-B388AB538502}.Debug|x86.ActiveCfg = Debug|Win32
		{A8D818F5-7324-4620-B1AF-B388AB538502}.Debug|x86.Build.0 = Debug|Win32
		{A8D818F5-7324-4620-B1AF-B388AB538502}.Release|x64.ActiveCfg = Release|x64
		{A8D818F5-7324-4620-B1AF-B388AB538502}.Release|x64.Build.0 = Release|x64
		{A8D818F5-7324-4620-B1AF-B388AB538502}.Release|x86.ActiveCfg = Release|Win32
		{A8D818F5-7324-4620-B1AF-B388AB538502}.Release|x86.Build.0 = Release|Win32
		{DEBD9452-DA29-4C28-8800-32E1484EA16F}.Debug|x64.ActiveCfg = Debug|x64
		{DEBD9452-DA29-4C28-8800-32E1484EA16F}.Debug|x64.Build.0 = Debug|x64
		{DEBD9452-DA29-4C28-8800-32E1484EA16F}.Debug|x86.ActiveCfg = Debug|Win32
		{DEBD9452-DA29-4C28-8800-32E1484EA16F}.Debug|x86.Build.0 = Debug|Win32
		{DEBD9452-DA29-4C28-8800-32E1484EA16F}.Release|x64.ActiveCfg = Release|x64
		{DEBD9452-DA29-4C28-8800-32E1484EA16F}.Release|x64.Build.0 = Release|x64
		{DEBD9452-DA29-4C28-8800-32E1484EA16F}.Release|x86.ActiveCfg = Release|Win32
		{DEBD9452-DA29-4C28-8800-32E1484EA16F}.Release|x86.Build.0 = Release|Win32
		{B88DE14D-3E0D-440E-A753-CE7ADD5DF3CA}.Debug|x64.ActiveCfg = Debug|x64
		{B88DE14D-3E0D-440E-A753-CE7ADD5DF3CA}.Debug|x64.Build.0 = Debug|x64
		{B88DE14D-3E0D-440E-A753-CE7ADD5DF3CA}.Debug|x86.ActiveCfg = Debug|Win32
		{B88DE14D-3E0D-440E-A753-CE7ADD5DF3CA}.Debug|x86.Build.0 = Debug|Win32
		{B88DE14D-3E0D-440E-A753-CE7ADD5DF3CA}.Release|x64.ActiveCfg = Release|x64
		{B88DE14D-3E0D-440E-A753-CE7ADD5DF3CA}.Release|x64.Build.0 = Release|x64
		{B88DE14D-3E0D-440E-A753-CE7ADD5DF3CA}.Release|x86.ActiveCfg = Release|Win32
		{B88DE14D-3E0D-440E-A753-CE7ADD5DF3CA}.Release|x86.Build.0 = Release|Win32
		{A7B258FF-15DD-4769-966C-703530E26530}.Debug|x64.ActiveCfg = Debug|x64
		{A7B258FF-15DD-4769-966C-703530E26530}.Debug|x64.Build.0 = Debug|x64
		{A7B258FF-15DD-4769-966C-703530E26530}.Debug|x86.ActiveCfg = Debug|Win32
		{A7B258FF-15DD-4769-966C-703530E26530}.Debug|x86.Build.0 = Debug|Win32
		{A7B258FF-15DD-4769-966C-703530E26530}.Release|x64.ActiveCfg = Release|x64
		{A7B258FF-15DD-4769-966C-703530E26530}.Release|x64.Build.0 = Release|x64
		{A7B258FF-15DD-4769-966C-703530E26530}.Release|x86.ActiveCfg = Release|Win32
		{A7B258FF-15DD-4769-966C-703530E26530}.Release|x86.Build.0 = Release|Win32
		{0CA4C3EA-2DD4-4BB3-804C-331D09CC3402}.Debug|x64.ActiveCfg = Debug|x64
		{0CA4C3EA-2DD4-4BB3-804C-331D09CC3402}.Debug|x64.Build.0 = Debug|x64
		{0CA4C3EA-2DD4-4BB3-804C-331D09CC3402}.Debug|x86.ActiveCfg = Debug|Win32
		{0CA4C3EA-2DD4-4BB3-804C-331D09CC3402}.Debug|x86.Build.0 = Debug|Win32
		{0CA4C3EA-2DD4-4BB3-804C-331D09CC3402}.Release|x64.ActiveCfg = Release|x64
		{0CA4C3EA-2DD4-4BB3-804C-331D09CC3402}.Release|x64.Build.0 = Release|x64
		{0CA4C3EA-2DD4-4BB3-804C-331D09CC3402}.Release|x86.ActiveCfg = Release|Win32
		{0CA4C3EA-2DD4-4BB3-804C-331D09CC3402}.Release|x86.Build.0 = Release|Win32
		{6A3B427D-D8AF-4D2A-B400-924D2596DCF7}.Debug|x64.ActiveCfg = Debug|x64
		{6A3B427D-D8AF-4D2A-B400-924D2596DCF7}.Debug|x64.Build.0 = Debug|x64
		{6A3B427D-D8AF-4D2A-B400-924D2596DCF7}.Debug|x86.ActiveCfg = Debug|Win32
		{6A3B427D-D8AF-4D2A-B400-924D2596DCF7}.Debug|x86.Build.0 = Debug|Win32
		{6A3B427D-D8AF-4D2A-B400-924D2596DCF7}.Release|x64.ActiveCfg = Release|x64
		{6A3B427D-D8AF-4D2A-B400-924D2596DCF7}.Release|x64.Build.0 = Release|x64
		{6A3B427D-D8AF-4D2A-B400-924D2596DCF7}.Release|x86.ActiveCfg = Release|Win32
		{6A3B427D-D8AF-4D2A-B400-924D2596DCF7}.Release|x86.Build.0 = Release|Win32
		{3DA3B4B6-916E-4F21-88C6-512DF0C0A38C}.Debug|x64.ActiveCfg = Debug|x64
		{3DA3B4B6-916E-4F21-88C6-512DF0C0A38C}.Debug|x64.Build.0 = Debug|x64
		{3DA3B4B6-916E-4F21-88C6-512DF0C0A38C}.Debug|x86.ActiveCfg = Debug|Win32
		{3DA3B4B6-916E-4F21-88C6-512DF0C0A38C}.Debug|x86.Build.0 = Debug|Win32
		{3DA3B4B6-916E-4F21-88C6-512DF0C0A38C}.Release|x64.ActiveCfg = Release|x64
		{3DA3B4B6-916E-4F21-88C6-512DF0C0A38C}.Release|x64.Build.0 = Release|x64
		{3DA3B4B6-916E-4F21-88C6-512DF0C0A38C}.Release|x86.ActiveCfg = Release|Win32
		{3DA3B4B6-916E-4F21-88C6-512DF0C0A38C}.Release|x86.Build.0 = Release|Win32
		{577A83B6-66B6-4A98-A3D6-4EBA066A1772}.Debug|x64.ActiveCfg = Debug|x64
		{577A83B6-66B6-4A98-A3D6-4EBA066A1772}.Debug|x64.Build.0 = Debug|x64
		{577A83B6-66B6-4A98-A3D6-4EBA066A1772}.Debug|x86.ActiveCfg = Debug|Win32
		{577A83B6-66B6-4A98-A3D6-4EBA066A1772}.Debug|x86.Build.0 = Debug|Win32
		{577A83B6-66B6-4A98-A3D6-4EBA066A1772}.Release|x64.ActiveCfg = Release|x64
		{577A83B6-66B6-4A98-A3D6-4EBA066A1772}.Release|x64.Build.0 = Release|x64
		{577A83B6-66B6-4A98-A3D6-4EBA066A1772}.Release|x86.ActiveCfg = Release|Win32
		{577A83B6-66B6-4A98-A3D6-4EBA066A1772}.Release|x86.Build.0 = Release|Win32
		{0936A7B8-E995-452D-8062-CA9311854018}.Debug|x64.ActiveCfg = Debug|x64
		{0936A7B8-E995-452D-8062-CA9311854018}.Debug|x64.Build.0 = Debug|x64
		{0936A7B8-E995-452D-8062-CA9311854018}.Debug|x86.ActiveCfg = Debug|Win32
		{0936A7B8-E995-452D-8062-CA9311854018}.Debug|x86.Build.0 = Debug|Win32
		{0936A7B8-E995-452D-8062-CA9311854018}.Release|x64.ActiveCfg = Release|x64
		{0936A7B8-E995-452D-8062-CA9311854018}.Release|x64.Build.0 = Release|x64
		{0936A7B8-E995-452D-8062-CA9311854018}.Release|x86.ActiveCfg = Release|Win32
		{0936A7B8-E995-452D-8062-CA9311854018}.Release|x86.Build.0 = Release|Win32
		{A8D818F5-FAAD-4620-B1AF-1234AB538502}.Debug|x64.ActiveCfg = Debug|x64
		{A8D818F5-FAAD-4620-B1AF-1234AB538502}.Debug|x64.Build.0 = Debug|x64
		{A8D818F5-FAAD-4620-B1AF-1234AB538502}.Debug|x86.ActiveCfg = Debug|Win32
		{A8D818F5-FAAD-4620-B1AF-1234AB538502}.Debug|x86.Build.0 = Debug|Win32
		{A8D818F5-FAAD-4620-B1AF-1234AB538502}.Release|x64.ActiveCfg = Release|x64
		{A8D818F5-FAAD-4620-B1AF-1234AB538502}.Release|x64.Build.0 = Release|x64
		{A8D818F5-FAAD-4620-B1AF-1234AB538502}.Release|x86.ActiveCfg = Release|Win32
		{A8D818F5-FAAD-4620-B1AF-1234AB538502}.Release|x86.Build.0 = Release|Win32
		{F3DF5408-637E-49DB-BF6B-0B7D17509AC0}.Debug|x64.ActiveCfg = Debug|x64
		{F3DF5408-637E-49DB-BF6B-0B7D17509AC0}.Debug|x64.Build.0 = Debug|x64
		{F3DF5408-637E-49DB-BF6B-0B7D17509AC0}.Debug|x86.ActiveCfg = Debug|Win32
		{F3DF5408-637E-49DB-BF6B-0B7D17509AC0}.Debug|x86.Build.0 = Debug|Win32
		{F3DF5408-637E-49DB-BF6B-0B7D17509AC0}.Release|x64.ActiveCfg = Release|x64
		{F3DF5408-637E-49DB-BF6B-0B7D17509AC0}.Release|x64.Build.0 = Release|x64
		{F3DF5408-637E-49DB-BF6B-0B7D17509AC0}.Release|x86.ActiveCfg = Release|Win32
		{F3DF5408-637E-49DB-BF6B-0B7D17509AC0}.Release|x86.Build.0 = Release|Win32
		{B63FDAE4-53A4-4B19-BFEC-6E6A2EF841F5}.Debug|x64.ActiveCfg = Debug|x64
		{B63FDAE4-53A4-4B19-BFEC-6E6A2EF841F5}.Debug|x64.Build.0 = Debug|x64
		{B63FDAE4-53A4-4B19-BFEC-6E6A2EF841F5}.Debug|x86.ActiveCfg = Debug|Win32
		{B63FDAE4-53A4-4B19-BFEC-6E6A2EF841F5}.Debug|x86.Build.0 = Debug|Win32
		{B63FDAE4-53A4-4B19-BFEC-6E6A2EF841F5}.Release|x64.ActiveCfg = Release|x64
		{B63FDAE4-53A4-4B19-BFEC-6E6A2EF841F5}.Release|x64.Build.0 = Release|x64
		{B63FDAE4-53A4-4B19-BFEC-6E6A2EF841F5}.Release|x86.ActiveCfg = Release|Win32
		{B63FDAE4-53A4-4B19-BFEC-6E6A2EF841F5}.Release|x86.Build.0 = Release|Win32
		{6C8E75AE-796C-4598-9CFF-4F462F968955}.Debug|x64.ActiveCfg = Debug|x64
		{6C8E75AE-796C-4598-9CFF-4F462F968955}.Debug|x64.Build.0 = Debug|x64
		{6C8E75AE-796C-4598-9CFF-4F462F968955}.Debug|x86.ActiveCfg = Debug|Win32
		{6C8E75AE-796C-4598-9CFF-4F462F968955}.Debug|x86.Build.0 = Debug|Win32
		{6C8E75AE-796C-4598-9CFF-4F462F968955}.Release|x64.ActiveCfg = Release|x64
		{6C8E75AE-796C-4598-9CFF-4F462F968955}.Release|x64.Build.0 = Release|x64
		{6C8E75AE-796C-4598-9CFF-4F462F968955}.Release|x86.ActiveCfg = Release|Win32
		{6C8E75AE-796C-4598-9CFF-4F462F968955}.Release|x86.Build.0 = Release|Win32
		{6C8E75A7-796C-4598-9CFF-4F462F998355}.Debug|x64.ActiveCfg = Debug|x64
		{6C8E75A7-796C-4598-9CFF-4F462F998355}.Debug|x64.Build.0 = Debug|x64
		{6C8E75A7-796C-4598-9CFF-4F462F998355}.Debug|x86.ActiveCfg = Debug|Win32
		{6C8E75A7-796C-4598-9CFF-4F462F998355}.Debug|x86.Build.0 = Debug|Win32
		{6C8E75A7-796C-4598-9CFF-4F462F998355}.Release|x64.ActiveCfg = Release|x64
		{6C8E75A7-796C-4598-9CFF-4F462F998355}.Release|x64.Build.0 = Release|x64
		{6C8E75A7-796C-4598-9CFF-4F462F998355}.Release|x86.ActiveCfg = Release|Win32
		{6C8E75A7-796C-4598-9CFF-4F462F998355}.Release|x86.Build.0 = Release|Win32
		{614AEA75-493F-4DB4-897C-6A31238C5781}.Debug|x64.ActiveCfg = Debug|x64
		{614AEA75-493F-4DB4-897C-6A31238C5781}.Debug|x64.Build.0 = Debug|x64
		{614AEA75-493F-4DB4-897C-6A31238C5781}.Debug|x86.ActiveCfg = Debug|Win32
		{614AEA75-493F-4DB4-897C-6A31238C5781}.Debug|x86.Build.0 = Debug|Win32
		{614AEA75-493F-4DB4-897C-6A31238C5781}.Release|x64.ActiveCfg = Release|x64
		{614AEA75-493F-4DB4-897C-6A31238C5781}.Release|x64.Build.0 = Release|x64
		{614AEA75-493F-4DB4-897C-6A31238C5781}.Release|x86.ActiveCfg = Release|Win32
		{614AEA75-493F-4DB4-897C-6A31238C5781}.Release|x86.Build.0 = Release|Win32
		{43EAC8C4-B127-4F65-B621-BC14F9C65243}.Debug|x64.ActiveCfg = Debug|x64
		{43EAC8C4-B127-4F65-B621-BC14F9C65243}.Debug|x64.Build.0 = Debug|x64
		{43EAC8C4-B127-4F65-B621-BC14F9C65243}.Debug|x86.ActiveCfg = Debug|Win32
		{43EAC8C4-B127-4F65-B621-BC14F9C65243}.Debug|x86.Build.0 = Debug|Win32
		{43EAC8C4-B127-4F65-B621-BC14F9C65243}.Release|x64.ActiveCfg = Release|x64
		{43EAC8C4-B127-4F65-B621-BC14F9C65243}.Release|x64.Build.0 = Release|x64
		{43EAC8C4-B127-4F65-B621-BC14F9C65243}.Release|x86.ActiveCfg = Release|Win32
		{43EAC8C4-B127-4F65-B621-BC14F9C65243}.Release|x86.Build.0 = Release|Win32
		{51CD3B12-3CCC-4345-92F3-832D23F98F70}.Debug|x64.ActiveCfg = Debug|x64
		{51CD3B12-3CCC-4345-92F3-832D23F98F70}.Debug|x64.Build.0 = Debug|x64
		{51CD3B12-3CCC-4345-92F3-832D23F98F70}.Debug|x86.ActiveCfg = Debug|Win32
		{51CD3B12-3CCC-4345-92F3-832D23F98F70}.Debug|x86.Build.0 = Debug|Win32
		{51CD3B12-3CCC-4345-92F3-832D23F98F70}.Release|x64.ActiveCfg = Release|x64
		{51CD3B12-3CCC-4345-92F3-832D23F98F70}.Release|x64.Build.0 = Release|x64
		{51CD3B12-3CCC-4345-92F3-832D23F98F70}.Release|x86.ActiveCfg = Release|Win32
		{51CD3B12-3CCC-4345-92F3-832D23F98F70}.Release|x86.Build.0 = Release|Win32
		{43EAC8C4-C127-4F65-B621-AC64F9C65223}.Debug|x64.ActiveCfg = Debug|x64
		{43EAC8C4-C127-4F65-B621-AC64F9C65223}.Debug|x64.Build.0 = Debug|x64
		{43EAC8C4-C127-4F65-B621-AC64F9C65223}.Debug|x86.ActiveCfg = Debug|Win32
		{43EAC8C4-C127-4F65-B621-AC64F9C65223}.Debug|x86.Build.0 = Debug|Win32
		{43EAC8C4-C127-4F65-B621-AC64F9C65223}.Release|x64.ActiveCfg = Release|x64
		{43EAC8C4-C127-4F65-B621-AC64F9C65223}.Release|x64.Build.0 = Release|x64
		{43EAC8C4-C127-4F65-B621-AC64F9C65223}.Release|x86.ActiveCfg = Release|Win32
		{43EAC8C4-C127-4F65-B621-AC64F9C65223}.Release|x86.Build.0 = Release|Win32
		{51CD3B12-3C87-424A-92C3-832D11F98F70}.Debug|x64.ActiveCfg = Debug|x64
		{51CD3B12-3C87-424A-92C3-832D11F98F70}.Debug|x64.Build.0 = Debug|x64
		{51CD3B12-3C87-424A-92C3-832D11F98F70}.Debug|x86.ActiveCfg = Debug|Win32
		{51CD3B12-3C87-424A-92C3-832D11F98F70}.Debug|x86.Build.0 = Debug|Win32
		{51CD3B12-3C87-424A-92C3-832D11F98F70}.Release|x64.ActiveCfg = Release|x64
		{51CD3B12-3C87-424A-92C3-832D11F98F70}.Release|x64.Build.0 = Release|x64
		{51CD3B12-3C87-424A-92C3-832D11F98F70}.Release|x86.ActiveCfg = Release|Win32
		{51CD3B12-3C87-424A-92C3-832D11F98F70}.Release|x86.Build.0 = Release|Win32
		{614AEA75-493F-4DB4-897C-6A3EAF8C5781}.Debug|x64.ActiveCfg = Debug|x64
		{614AEA75-493F-4DB4-897C-6A3EAF8C5781}.Debug|x64.Build.0 = Debug|x64
		{614AEA75-493F-4DB4-897C-6A3EAF8C5781}.Debug|x86.ActiveCfg = Debug|Win32
		{614AEA75-493F-4DB4-897C-6A3EAF8C5781}.Debug|x86.Build.0 = Debug|Win32
		{614AEA75-493F-4DB4-897C-6A3EAF8C5781}.Release|x64.ActiveCfg = Release|x64
		{614AEA75-493F-4DB4-897C-6A3EAF8C5781}.Release|x64.Build.0 = Release|x64
		{614AEA75-493F-4DB4-897C-6A3EAF8C5781}.Release|x86.ActiveCfg = Release|Win32
		{614AEA75-493F-4DB4-897C-6A3EAF8C5781}.Release|x86.Build.0 = Release|Win32
		{7E7E9E39-AAA8-4A95-A53F-D1C6E88E97E8}.Debug|x64.ActiveCfg = Debug|x64
		{7E7E9E39-AAA8-4A95-A53F-D1C6E88E97E8}.Debug|x64.Build.0 = Debug|x64
		{7E7E9E39-AAA8-4A95-A53F-D1C6E88E97E8}.Debug|x86.ActiveCfg = Debug|Win32
		{7E7E9E39-AAA8-4A95-A53F-D1C6E88E97E8}.Debug|x86.Build.0 = Debug|Win32
		{7E7E9E39-AAA8-4A95-A53F-D1C6E88E97E8}.Release|x64.ActiveCfg = Release|x64
		{7E7E9E39-AAA8-4A95-A53F-D1C6E88E97E8}.Release|x64.Build.0 = Release|x64
		{7E7E9E39-AAA8-4A95-A53F-D1C6E88E97E8}.Release|x86.ActiveCfg = Release|Win32
		{7E7E9E39-AAA8-4A95-A53F-D1C6E88E97E8}.Release|x86.Build.0 = Release|Win32
		{612AEF75-493F-4AB4-897C-6A31238C5781}.Debug|x64.ActiveCfg = Debug|x64
		{612AEF75-493F-4AB4-897C-6A31238C5781}.Debug|x64.Build.0 = Debug|x64
		{612AEF75-493F-4AB4-897C-6A31238C5781}.Debug|x86.ActiveCfg = Debug|Win32
		{612AEF75-493F-4AB4-897C-6A31238C5781}.Debug|x86.Build.0 = Debug|Win32
		{612AEF75-493F-4AB4-897C-6A31238C5781}.Release|x64.ActiveCfg = Release|x64
		{612AEF75-493F-4AB4-897C-6A31238C5781}.Release|x64.Build.0 = Release|x64
		{612AEF75-493F-4AB4-897C-6A31238C5781}.Release|x86.ActiveCfg = Release|Win32
		{612AEF75-493F-4AB4-897C-6A31238C5781}.Release|x86.Build.0 = Release|Win32
		{D93FD85B-F6AC-4387-9C61-5625899CECFD}.Debug|x64.ActiveCfg = Debug|x64
		{D93FD85B-F6AC-4387-9C61-5625899CECFD}.Debug|x64.Build.0 = Debug|x64
		{D93FD85B-F6AC-4387-9C61-5625899CECFD}.Debug|x86.ActiveCfg = Debug|Win32
		{D93FD85B-F6AC-4387-9C61-5625899CECFD}.Debug|x86.Build.0 = Debug|Win32
		{D93FD85B-F6AC-4387-9C61-5625899CECFD}.Release|x64.ActiveCfg = Release|x64
		{D93FD85B-F6AC-4387-9C61-5625899CECFD}.Release|x64.Build.0 = Release|x64
		{D93FD85B-F6AC-4387-9C61-5625899CECFD}.Release|x86.ActiveCfg = Release|Win32
		{D93FD85B-F6AC-4387-9C61-5625899CECFD}.Release|x86.Build.0 = Release|Win32
		{2CD4DE2B-7064-41E9-892E-6F249C7E6BF5}.Debug|x64.ActiveCfg = Debug|x64
		{2CD4DE2B-7064-41E9-892E-6F249C7E6BF5}.Debug|x64.Build.0 = Debug|x64
		{2CD4DE2B-7064-41E9-892E-6F249C7E6BF5}.Debug|x86.ActiveCfg = Debug|Win32
		{2CD4DE2B-7064-41E9-892E-6F249C7E6BF5}.Debug|x86.Build.0 = Debug|Win32
		{2CD4DE2B-7064-41E9-892E-6F249C7E6BF5}.Release|x64.ActiveCfg = Release|x64
		{2CD4DE2B-7064-41E9-892E-6F249C7E6BF5}.Release|x64.Build.0 = Release|x64
		{2CD4DE2B-7064-41E9-892E-6F249C7E6BF5}.Release|x86.ActiveCfg = Release|Win32
		{2CD4DE2B-7064-41E9-892E-6F249C7E6BF5}.Release|x86.Build.0 = Release|Win32
		{5CCE3B12-3CCC-4E4A-92CA-832D11F98F70}.Debug|x64.ActiveCfg = Debug|x64
		{5CCE3B12-3CCC-4E4A-92CA-832D11F98F70}.Debug|x64.Build.0 = Debug|x64
		{5CCE3B12-3CCC-4E4A-92CA-832D11F98F70}.Debug|x86.ActiveCfg = Debug|Win32
		{5CCE3B12-3CCC-4E4A-92CA-832D11F98F70}.Debug|x86.Build.0 = Debug|Win32
		{5CCE3B12-3CCC-4E4A-92CA-832D11F98F70}.Release|x64.ActiveCfg = Release|x64
		{5CCE3B12-3CCC-4E4A-92CA-832D11F98F70}.Release|x64.Build.0 = Release|x64
		{5CCE3B12-3CCC-4E4A-92CA-832D11F98F70}.Release|x86.ActiveCfg = Release|Win32
		{5CCE3B12-3CCC-4E4A-92CA-832D11F98F70}.Release|x86.Build.0 = Release|Win32
		{628D7AD7-796C-4598-9CFD-2F362FAB8755}.Debug|x64.ActiveCfg = Debug|x64
		{628D7AD7-796C-4598-9CFD-2F362FAB8755}.Debug|x64.Build.0 = Debug|x64
		{628D7AD7-796C-4598-9CFD-2F362FAB8755}.Debug|x86.ActiveCfg = Debug|Win32
		{628D7AD7-796C-4598-9CFD-2F362FAB8755}.Debug|x86.Build.0 = Debug|Win32
		{628D7AD7-796C-4598-9CFD-2F362FAB8755}.Release|x64.ActiveCfg = Release|x64
		{628D7AD7-796C-4598-9CFD-2F362FAB8755}.Release|x64.Build.0 = Release|x64
		{628D7AD7-796C-4598-9CFD-2F362FAB8755}.Release|x86.ActiveCfg = Release|Win32
		{628D7AD7-796C-4598-9CFD-2F362FAB8755}.Release|x86.Build.0 = Release|Win32
		{628D7997-796C-4598-9CFD-4F362FAB8755}.Debug|x64.ActiveCfg = Debug|x64
		{628D7997-796C-4598-9CFD-4F362FAB8755}.Debug|x64.Build.0 = Debug|x64
		{628D7997-796C-4598-9CFD-4F362FAB8755}.Debug|x86.ActiveCfg = Debug|Win32
		{628D7997-796C-4598-9CFD-4F362FAB8755}.Debug|x86.Build.0 = Debug|Win32
		{628D7997-796C-4598-9CFD-4F362FAB8755}.Release|x64.ActiveCfg = Release|x64
		{628D7997-796C-4598-9CFD-4F362FAB8755}.Release|x64.Build.0 = Release|x64
		{628D7997-796C-4598-9CFD-4F362FAB8755}.Release|x86.ActiveCfg = Release|Win32
		{628D7997-796C-4598-9CFD-4F362FAB8755}.Release|x86.Build.0 = Release|Win32
		{3B2AABD2-060F-4C2C-8633-4005645564F2}.Debug|x64.ActiveCfg = Debug|x64
		{3B2AABD2-060F-4C2C-8633-4005645564F2}.Debug|x64.Build.0 = Debug|x64
		{3B2AABD2-060F-4C2C-8633-4005645564F2}.Debug|x86.ActiveCfg = Debug|Win32
		{3B2AABD2-060F-4C2C-8633-4005645564F2}.Debug|x86.Build.0 = Debug|Win32
		{3B2AABD2-060F-4C2C-8633-4005645564F2}.Release|x64.ActiveCfg = Release|x64
		{3B2AABD2-060F-4C2C-8633-4005645564F2}.Release|x64.Build.0 = Release|x64
		{3B2AABD2-060F-4C2C-8633-4005645564F2}.Release|x86.ActiveCfg = Release|Win32
		{3B2AABD2-060F-4C2C-8633-4005645564F2}.Release|x86.Build.0 = Release|Win32
		{6B9091EB-E0CA-4FE5-9FF1-69DE4D749F00}.Debug|x64.ActiveCfg = Debug|x64
		{6B9091EB-E0CA-4FE5-9FF1-69DE4D749F00}.Debug|x64.Build.0 = Debug|x64
		{6B9091EB-E0CA-4FE5-9FF1-69DE4D749F00}.Debug|x86.ActiveCfg = Debug|Win32
		{6B9091EB-E0CA-4FE5-9FF1-69DE4D749F00}.Debug|x86.Build.0 = Debug|Win32
		{6B9091EB-E0CA-4FE5-9FF1-69DE4D749F00}.Release|x64.ActiveCfg = Release|x64
		{6B9091EB-E0CA-4FE5-9FF1-69DE4D749F00}.Release|x64.Build.0 = Release|x64
		{6B9091EB-E0CA-4FE5-9FF1-69DE4D749F00}.Release|x86.ActiveCfg = Release|Win32
		{6B9091EB-E0CA-4FE5-9FF1-69DE4D749F00}.Release|x86.Build.0 = Release|Win32
		{38D878FD-FAAD-4620-B1AF-5CB4AB5385F2}.Debug|x64.ActiveCfg = Debug|x64
		{38D878FD-FAAD-4620-B1AF-5CB4AB5385F2}.Debug|x64.Build.0 = Debug|x64
		{38D878FD-FAAD-4620-B1AF-5CB4AB5385F2}.Debug|x86.ActiveCfg = Debug|Win32
		{38D878FD-FAAD-4620-B1AF-5CB4AB5385F2}.Debug|x86.Build.0 = Debug|Win32
		{38D878FD-FAAD-4620-B1AF-5CB4AB5385F2}.Release|x64.ActiveCfg = Release|x64
		{38D878FD-FAAD-4620-B1AF-5CB4AB5385F2}.Release|x64.Build.0 = Release|x64
		{38D878FD-FAAD-4620-B1AF-5CB4AB5385F2}.Release|x86.ActiveCfg = Release|Win32
		{38D878FD-FAAD-4620-B1AF-5CB4AB5385F2}.Release|x86.Build.0 = Release|Win32
		{A8D816F5-7314-466F-B1AF-B388AB538502}.Debug|x64.ActiveCfg = Debug|x64
		{A8D816F5-7314-466F-B1AF-B388AB538502}.Debug|x64.Build.0 = Debug|x64
		{A8D816F5-7314-466F-B1AF-B388AB538502}.Debug|x86.ActiveCfg = Debug|Win32
		{A8D816F5-7314-466F-B1AF-B388AB538502}.Debug|x86.Build.0 = Debug|Win32
		{A8D816F5-7314-466F-B1AF-B388AB538502}.Release|x64.ActiveCfg = Release|x64
		{A8D816F5-7314-466F-B1AF-B388AB538502}.Release|x64.Build.0 = Release|x64
		{A8D816F5-7314-466F-B1AF-B388AB538502}.Release|x86.ActiveCfg = Release|Win32
		{A8D816F5-7314-466F-B1AF-B388AB538502}.Release|x86.Build.0 = Release|Win32
		{0CA4C35A-2DE4-4BB3-804C-331D09CC3402}.Debug|x64.ActiveCfg = Debug|x64
		{0CA4C35A-2DE4-4BB3-804C-331D09CC3402}.Debug|x64.Build.0 = Debug|x64
		{0CA4C35A-2DE4-4BB3-804C-331D09CC3402}.Debug|x86.ActiveCfg = Debug|Win32
		{0CA4C35A-2DE4-4BB3-804C-331D09CC3402}.Debug|x86.Build.0 = Debug|Win32
		{0CA4C35A-2DE4-4BB3-804C-331D09CC3402}.Release|x64.ActiveCfg = Release|x64
		{0CA4C35A-2DE4-4BB3-804C-331D09CC3402}.Release|x64.Build.0 = Release|x64
		{0CA4C35A-2DE4-4BB3-804C-331D09CC3402}.Release|x86.ActiveCfg = Release|Win32
		{0CA4C35A-2DE4-4BB3-804C-331D09CC3402}.Release|x86.Build.0 = Release|Win32
		{68388CCB-365D-443A-A435-2F1940790836}.Debug|x64.ActiveCfg = Debug|x64
		{68388CCB-365D-443A-A435-2F1940790836}.Debug|x64.Build.0 = Debug|x64
		{68388CCB-365D-443A-A435-2F1940790836}.Debug|x86.ActiveCfg = Debug|Win32
		{68388CCB-365D-443A-A435-2F1940790836}.Debug|x86.Build.0 = Debug|Win32
		{68388CCB-365D-443A-A435-2F1940790836}.Release|x64.ActiveCfg = Release|x64
		{68388CCB-365D-443A-A435-2F1940790836}.Release|x64.Build.0 = Release|x64
		{68388CCB-365D-443A-A435-2F1940790836}.Release|x86.ActiveCfg = Release|Win32
		{68388CCB-365D-443A-A435-2F1940790836}.Release|x86.Build.0 = Release|Win32
		{414DC2D4-2C59-4D15-A169-A34460E5CE48}.Debug|x64.ActiveCfg = Debug|x64
		{414DC2D4-2C59-4D15-A169-A34460E5CE48}.Debug|x64.Build.0 = Debug|x64
		{414DC2D4-2C59-4D15-A169-A34460E5CE48}.Debug|x86.ActiveCfg = Debug|Win32
		{414DC2D4-2C59-4D15-A169-A34460E5CE48}.Release|x64.ActiveCfg = Release|x64
		{414DC2D4-2C59-4D15-A169-A34460E5CE48}.Release|x86.ActiveCfg = Release|Win32
		{ACA665CC-3DFA-4C67-A6F4-2DF827A9378A}.Debug|x64.ActiveCfg = Debug|x64
		{ACA665CC-3DFA-4C67-A6F4-2DF827A9378A}.Debug|x64.Build.0 = Debug|x64
		{ACA665CC-3DFA-4C67-A6F4-2DF827A9378A}.Debug|x86.ActiveCfg = Debug|Win32
		{ACA665CC-3DFA-4C67-A6F4-2DF827A9378A}.Debug|x86.Build.0 = Debug|Win32
		{ACA665CC-3DFA-4C67-A6F4-2DF827A9378A}.Release|x64.ActiveCfg = Release|x64
		{ACA665CC-3DFA-4C67-A6F4-2DF827A9378A}.Release|x64.Build.0 = Release|x64
		{ACA665CC-3DFA-4C67-A6F4-2DF827A9378A}.Release|x86.ActiveCfg = Release|Win32
		{ACA665CC-3DFA-4C67-A6F4-2DF827A9378A}.Release|x86.Build.0 = Release|Win32
		{DFA83275-7232-4F2B-912A-BD362AA228B3}.Debug|x64.ActiveCfg = Debug|x64
		{DFA83275-7232-4F2B-912A-BD362AA228B3}.Debug|x64.Build.0 = Debug|x64
		{DFA83275-7232-4F2B-912A-BD362AA228B3}.Debug|x86.ActiveCfg = Debug|Win32
		{DFA83275-7232-4F2B-912A-BD362AA228B3}.Debug|x86.Build.0 = Debug|Win32
		{DFA83275-7232-4F2B-912A-BD362AA228B3}.Release|x64.ActiveCfg = Release|x64
		{DFA83275-7232-4F2B-912A-BD362AA228B3}.Release|x64.Build.0 = Release|x64
		{DFA83275-7232-4F2B-912A-BD362AA228B3}.Release|x86.ActiveCfg = Release|Win32
		{DFA83275-7232-4F2B-912A-BD362AA228B3}.Release|x86.Build.0 = Release|Win32
		{5CCE3BBB-3CBC-4E4A-92CA-832D119C8F70}.Debug|x64.ActiveCfg = Debug|x64
		{5CCE3BBB-3CBC-4E4A-92CA-832D119C8F70}.Debug|x64.Build.0 = Debug|x64
		{5CCE3BBB-3CBC-4E4A-92CA-832D119C8F70}.Debug|x86.ActiveCfg = Debug|Win32
		{5CCE3BBB-3CBC-4E4A-92CA-832D119C8F70}.Debug|x86.Build.0 = Debug|Win32
		{5CCE3BBB-3CBC-4E4A-92CA-832D119C8F70}.Release|x64.ActiveCfg = Release|x64
		{5CCE3BBB-3CBC-4E4A-92CA-832D119C8F70}.Release|x64.Build.0 = Release|x64
		{5CCE3BBB-3CBC-4E4A-92CA-832D119C8F70}.Release|x86.ActiveCfg = Release|Win32
		{5CCE3BBB-3CBC-4E4A-92CA-832D119C8F70}.Release|x86.Build.0 = Release|Win32
		{1C5CA89C-31C9-481F-9014-04DA00D5A373}.Debug|x64.ActiveCfg = Debug|x64
		{1C5CA89C-31C9-481F-9014-04DA00D5A373}.Debug|x64.Build.0 = Debug|x64
		{1C5CA89C-31C9-481F-9014-04DA00D5A373}.Debug|x86.ActiveCfg = Debug|Win32
		{1C5CA89C-31C9-481F-9014-04DA00D5A373}.Debug|x86.Build.0 = Debug|Win32
		{1C5CA89C-31C9-481F-9014-04DA00D5A373}.Release|x64.ActiveCfg = Release|x64
		{1C5CA89C-31C9-481F-9014-04DA00D5A373}.Release|x64.Build.0 = Release|x64
		{1C5CA89C-31C9-481F-9014-04DA00D5A373}.Release|x86.ActiveCfg = Release|Win32
		{1C5CA89C-31C9-481F-9014-04DA00D5A373}.Release|x86.Build.0 = Release|Win32
	EndGlobalSection
	GlobalSection(SolutionProperties) = preSolution
		HideSolutionNode = FALSE
	EndGlobalSection
	GlobalSection(NestedProjects) = preSolution
		{34090477-688B-45F5-9998-11A71A6B043F} = {EB8E4986-4C35-4337-AFCC-FA3D8A618CB7}
		{A8D818F5-7324-4620-B1AF-B388AB538502} = {EB8E4986-4C35-4337-AFCC-FA3D8A618CB7}
		{DEBD9452-DA29-4C28-8800-32E1484EA16F} = {EB8E4986-4C35-4337-AFCC-FA3D8A618CB7}
		{B88DE14D-3E0D-440E-A753-CE7ADD5DF3CA} = {39B08B60-AE5B-4631-968E-74C78128092A}
		{A7B258FF-15DD-4769-966C-703530E26530} = {39B08B60-AE5B-4631-968E-74C78128092A}
		{0CA4C3EA-2DD4-4BB3-804C-331D09CC3402} = {39B08B60-AE5B-4631-968E-74C78128092A}
		{6A3B427D-D8AF-4D2A-B400-924D2596DCF7} = {39B08B60-AE5B-4631-968E-74C78128092A}
		{3DA3B4B6-916E-4F21-88C6-512DF0C0A38C} = {34C80090-E20E-4B20-A224-BBC3F6BC1CA7}
		{577A83B6-66B6-4A98-A3D6-4EBA066A1772} = {34C80090-E20E-4B20-A224-BBC3F6BC1CA7}
		{0936A7B8-E995-452D-8062-CA9311854018} = {39B08B60-AE5B-4631-968E-74C78128092A}
		{A8D818F5-FAAD-4620-B1AF-1234AB538502} = {EB8E4986-4C35-4337-AFCC-FA3D8A618CB7}
		{F3DF5408-637E-49DB-BF6B-0B7D17509AC0} = {39B08B60-AE5B-4631-968E-74C78128092A}
		{B63FDAE4-53A4-4B19-BFEC-6E6A2EF841F5} = {39B08B60-AE5B-4631-968E-74C78128092A}
		{6C8E75AE-796C-4598-9CFF-4F462F968955} = {6506C4CF-3851-4BF8-89BB-BC8354ADF1E2}
		{6C8E75A7-796C-4598-9CFF-4F462F998355} = {6506C4CF-3851-4BF8-89BB-BC8354ADF1E2}
		{614AEA75-493F-4DB4-897C-6A31238C5781} = {6506C4CF-3851-4BF8-89BB-BC8354ADF1E2}
		{43EAC8C4-B127-4F65-B621-BC14F9C65243} = {6506C4CF-3851-4BF8-89BB-BC8354ADF1E2}
		{51CD3B12-3CCC-4345-92F3-832D23F98F70} = {6506C4CF-3851-4BF8-89BB-BC8354ADF1E2}
		{43EAC8C4-C127-4F65-B621-AC64F9C65223} = {6506C4CF-3851-4BF8-89BB-BC8354ADF1E2}
		{51CD3B12-3C87-424A-92C3-832D11F98F70} = {6506C4CF-3851-4BF8-89BB-BC8354ADF1E2}
		{614AEA75-493F-4DB4-897C-6A3EAF8C5781} = {6506C4CF-3851-4BF8-89BB-BC8354ADF1E2}
		{7E7E9E39-AAA8-4A95-A53F-D1C6E88E97E8} = {6506C4CF-3851-4BF8-89BB-BC8354ADF1E2}
		{612AEF75-493F-4AB4-897C-6A31238C5781} = {6506C4CF-3851-4BF8-89BB-BC8354ADF1E2}
		{D93FD85B-F6AC-4387-9C61-5625899CECFD} = {6506C4CF-3851-4BF8-89BB-BC8354ADF1E2}
		{2CD4DE2B-7064-41E9-892E-6F249C7E6BF5} = {6506C4CF-3851-4BF8-89BB-BC8354ADF1E2}
		{5CCE3B12-3CCC-4E4A-92CA-832D11F98F70} = {6506C4CF-3851-4BF8-89BB-BC8354ADF1E2}
		{628D7AD7-796C-4598-9CFD-2F362FAB8755} = {6506C4CF-3851-4BF8-89BB-BC8354ADF1E2}
		{628D7997-796C-4598-9CFD-4F362FAB8755} = {6506C4CF-3851-4BF8-89BB-BC8354ADF1E2}
		{3B2AABD2-060F-4C2C-8633-4005645564F2} = {6506C4CF-3851-4BF8-89BB-BC8354ADF1E2}
		{6B9091EB-E0CA-4FE5-9FF1-69DE4D749F00} = {6506C4CF-3851-4BF8-89BB-BC8354ADF1E2}
		{38D878FD-FAAD-4620-B1AF-5CB4AB5385F2} = {EB8E4986-4C35-4337-AFCC-FA3D8A618CB7}
		{A8D816F5-7314-466F-B1AF-B388AB538502} = {EB8E4986-4C35-4337-AFCC-FA3D8A618CB7}
		{0CA4C35A-2DE4-4BB3-804C-331D09CC3402} = {39B08B60-AE5B-4631-968E-74C78128092A}
		{68388CCB-365D-443A-A435-2F1940790836} = {39B08B60-AE5B-4631-968E-74C78128092A}
		{414DC2D4-2C59-4D15-A169-A34460E5CE48} = {39B08B60-AE5B-4631-968E-74C78128092A}
		{ACA665CC-3DFA-4C67-A6F4-2DF827A9378A} = {6506C4CF-3851-4BF8-89BB-BC8354ADF1E2}
		{DFA83275-7232-4F2B-912A-BD362AA228B3} = {6506C4CF-3851-4BF8-89BB-BC8354ADF1E2}
		{5CCE3BBB-3CBC-4E4A-92CA-832D119C8F70} = {6506C4CF-3851-4BF8-89BB-BC8354ADF1E2}
		{1C5CA89C-31C9-481F-9014-04DA00D5A373} = {39B08B60-AE5B-4631-968E-74C78128092A}
	EndGlobalSection
	GlobalSection(ExtensibilityGlobals) = postSolution
		SolutionGuid = {69B62649-B607-406C-954D-8F68DEF084A6}
	EndGlobalSection
EndGlobal
